// !$*UTF8*$!
{
	archiveVersion = 1;
	classes = {
	};
	objectVersion = 56;
	objects = {

/* Begin PBXBuildFile section */
		7C30D13E2A79764B009F93D7 /* CreateProductView.swift in Sources */ = {isa = PBXBuildFile; fileRef = 7C30D13D2A79764B009F93D7 /* CreateProductView.swift */; };
		7C30D1442A79959B009F93D7 /* CircleDayButton.swift in Sources */ = {isa = PBXBuildFile; fileRef = 7C30D1432A79959B009F93D7 /* CircleDayButton.swift */; };
		7C30D1462A799A20009F93D7 /* RectangleCategoryButton.swift in Sources */ = {isa = PBXBuildFile; fileRef = 7C30D1452A799A20009F93D7 /* RectangleCategoryButton.swift */; };
		7C30D1482A79E794009F93D7 /* Searchbar.swift in Sources */ = {isa = PBXBuildFile; fileRef = 7C30D1472A79E794009F93D7 /* Searchbar.swift */; };
		7C30D14A2A7AA5D9009F93D7 /* ProductButton.swift in Sources */ = {isa = PBXBuildFile; fileRef = 7C30D1492A7AA5D9009F93D7 /* ProductButton.swift */; };
		7C30D14C2A7AA627009F93D7 /* AllProductsListView.swift in Sources */ = {isa = PBXBuildFile; fileRef = 7C30D14B2A7AA627009F93D7 /* AllProductsListView.swift */; };
		7C30D14E2A7ABC7A009F93D7 /* CreateProductTextField.swift in Sources */ = {isa = PBXBuildFile; fileRef = 7C30D14D2A7ABC7A009F93D7 /* CreateProductTextField.swift */; };
		7C30D1512A7ACBEB009F93D7 /* UIApplicationExtension.swift in Sources */ = {isa = PBXBuildFile; fileRef = 7C30D1502A7ACBEB009F93D7 /* UIApplicationExtension.swift */; };
		7C30D1532A7ACECC009F93D7 /* CategoryButton.swift in Sources */ = {isa = PBXBuildFile; fileRef = 7C30D1522A7ACECC009F93D7 /* CategoryButton.swift */; };
		7C30D1552A7AD8F3009F93D7 /* ViewExtension.swift in Sources */ = {isa = PBXBuildFile; fileRef = 7C30D1542A7AD8F3009F93D7 /* ViewExtension.swift */; };
		7C30D1582A7AEE79009F93D7 /* TipSheetView.swift in Sources */ = {isa = PBXBuildFile; fileRef = 7C30D1572A7AEE79009F93D7 /* TipSheetView.swift */; };
		7C30D15A2A7C168B009F93D7 /* AddProductView.swift in Sources */ = {isa = PBXBuildFile; fileRef = 7C30D1592A7C168B009F93D7 /* AddProductView.swift */; };
		7C30D15C2A7C1B21009F93D7 /* ButtonProductList.swift in Sources */ = {isa = PBXBuildFile; fileRef = 7C30D15B2A7C1B21009F93D7 /* ButtonProductList.swift */; };
		7C5FA0FA2A7C42AE000D43BD /* RoutineButton.swift in Sources */ = {isa = PBXBuildFile; fileRef = 7C5FA0F92A7C42AE000D43BD /* RoutineButton.swift */; };
		7CA88CA02A7063EF00E58ABA /* CameraView.swift in Sources */ = {isa = PBXBuildFile; fileRef = 7CA88C9F2A7063EF00E58ABA /* CameraView.swift */; };
		7CA88CA22A717B4600E58ABA /* DataScannerView.swift in Sources */ = {isa = PBXBuildFile; fileRef = 7CA88CA12A717B4600E58ABA /* DataScannerView.swift */; };
		7CA88CA42A718C4F00E58ABA /* ProductView.swift in Sources */ = {isa = PBXBuildFile; fileRef = 7CA88CA32A718C4F00E58ABA /* ProductView.swift */; };
		7CA88CA82A72DFDF00E58ABA /* ImageViewModel.swift in Sources */ = {isa = PBXBuildFile; fileRef = 7CA88CA72A72DFDF00E58ABA /* ImageViewModel.swift */; };
		7CB66FC72A66F2D7006DFFB2 /* SkinCareProjectApp.swift in Sources */ = {isa = PBXBuildFile; fileRef = 7CB66FC62A66F2D7006DFFB2 /* SkinCareProjectApp.swift */; };
		7CB66FC92A66F2D7006DFFB2 /* ContentView.swift in Sources */ = {isa = PBXBuildFile; fileRef = 7CB66FC82A66F2D7006DFFB2 /* ContentView.swift */; };
		7CB66FCB2A66F2D7006DFFB2 /* Assets.xcassets in Resources */ = {isa = PBXBuildFile; fileRef = 7CB66FCA2A66F2D7006DFFB2 /* Assets.xcassets */; };
		7CB66FCE2A66F2D7006DFFB2 /* Preview Assets.xcassets in Resources */ = {isa = PBXBuildFile; fileRef = 7CB66FCD2A66F2D7006DFFB2 /* Preview Assets.xcassets */; };
		7CB66FDC2A670122006DFFB2 /* Enums.swift in Sources */ = {isa = PBXBuildFile; fileRef = 7CB66FDB2A670122006DFFB2 /* Enums.swift */; };
		7CB66FDE2A670132006DFFB2 /* CameraViewModel.swift in Sources */ = {isa = PBXBuildFile; fileRef = 7CB66FDD2A670132006DFFB2 /* CameraViewModel.swift */; };
		7CB66FE02A67013F006DFFB2 /* TipsService.swift in Sources */ = {isa = PBXBuildFile; fileRef = 7CB66FDF2A67013F006DFFB2 /* TipsService.swift */; };
		7CB66FE42A6723CE006DFFB2 /* Classes.swift in Sources */ = {isa = PBXBuildFile; fileRef = 7CB66FE32A6723CE006DFFB2 /* Classes.swift */; };
		7CB66FE62A67289A006DFFB2 /* Constants.swift in Sources */ = {isa = PBXBuildFile; fileRef = 7CB66FE52A67289A006DFFB2 /* Constants.swift */; };
		7CDF2E6D2A6B17C00028CA84 /* HomeView.swift in Sources */ = {isa = PBXBuildFile; fileRef = 7CDF2E6C2A6B17C00028CA84 /* HomeView.swift */; };
		7CDF2E6F2A6B17CE0028CA84 /* ProductListView.swift in Sources */ = {isa = PBXBuildFile; fileRef = 7CDF2E6E2A6B17CE0028CA84 /* ProductListView.swift */; };
		7CDF2E712A6B17DC0028CA84 /* JournalView.swift in Sources */ = {isa = PBXBuildFile; fileRef = 7CDF2E702A6B17DC0028CA84 /* JournalView.swift */; };
		7CDF2E732A6B17E70028CA84 /* ProfileView.swift in Sources */ = {isa = PBXBuildFile; fileRef = 7CDF2E722A6B17E70028CA84 /* ProfileView.swift */; };
		7CDF2E7E2A6EF8920028CA84 /* TipsView.swift in Sources */ = {isa = PBXBuildFile; fileRef = 7CDF2E7D2A6EF8920028CA84 /* TipsView.swift */; };
		7CDF2E822A6F142E0028CA84 /* TipsData.json in Resources */ = {isa = PBXBuildFile; fileRef = 7CDF2E7F2A6EFAE20028CA84 /* TipsData.json */; };
		A55E88BA2A686ECB005E5AC5 /* Splashscreen.swift in Sources */ = {isa = PBXBuildFile; fileRef = A55E88B92A686ECB005E5AC5 /* Splashscreen.swift */; };
		A55E88BD2A7031FE005E5AC5 /* TabBarOnb.swift in Sources */ = {isa = PBXBuildFile; fileRef = A55E88BC2A7031FE005E5AC5 /* TabBarOnb.swift */; };
		A55E88C12A703268005E5AC5 /* QuestionnaireView.swift in Sources */ = {isa = PBXBuildFile; fileRef = A55E88C02A703268005E5AC5 /* QuestionnaireView.swift */; };
		A55E88C92A7057CD005E5AC5 /* OnboardingView.swift in Sources */ = {isa = PBXBuildFile; fileRef = A55E88C82A7057CD005E5AC5 /* OnboardingView.swift */; };
		A55E88D12A72E58A005E5AC5 /* CloudKitUtility.swift in Sources */ = {isa = PBXBuildFile; fileRef = A55E88D02A72E58A005E5AC5 /* CloudKitUtility.swift */; };
		A55E88D52A7403BE005E5AC5 /* CloudKitViewModel.swift in Sources */ = {isa = PBXBuildFile; fileRef = A55E88D42A7403BE005E5AC5 /* CloudKitViewModel.swift */; };
		D82F35152A79747800E7A8B1 /* DesignColors.swift in Sources */ = {isa = PBXBuildFile; fileRef = D82F35142A79747800E7A8B1 /* DesignColors.swift */; };
		D82F351C2A797E5D00E7A8B1 /* ButtonPrimary.swift in Sources */ = {isa = PBXBuildFile; fileRef = D82F351B2A797E5D00E7A8B1 /* ButtonPrimary.swift */; };
		D82F351F2A79922900E7A8B1 /* ButtonExtension.swift in Sources */ = {isa = PBXBuildFile; fileRef = D82F351E2A79922900E7A8B1 /* ButtonExtension.swift */; };
/* End PBXBuildFile section */

/* Begin PBXFileReference section */
		7C30D13D2A79764B009F93D7 /* CreateProductView.swift */ = {isa = PBXFileReference; lastKnownFileType = sourcecode.swift; path = CreateProductView.swift; sourceTree = "<group>"; };
		7C30D1432A79959B009F93D7 /* CircleDayButton.swift */ = {isa = PBXFileReference; lastKnownFileType = sourcecode.swift; path = CircleDayButton.swift; sourceTree = "<group>"; };
		7C30D1452A799A20009F93D7 /* RectangleCategoryButton.swift */ = {isa = PBXFileReference; lastKnownFileType = sourcecode.swift; path = RectangleCategoryButton.swift; sourceTree = "<group>"; };
		7C30D1472A79E794009F93D7 /* Searchbar.swift */ = {isa = PBXFileReference; lastKnownFileType = sourcecode.swift; path = Searchbar.swift; sourceTree = "<group>"; };
		7C30D1492A7AA5D9009F93D7 /* ProductButton.swift */ = {isa = PBXFileReference; lastKnownFileType = sourcecode.swift; path = ProductButton.swift; sourceTree = "<group>"; };
		7C30D14B2A7AA627009F93D7 /* AllProductsListView.swift */ = {isa = PBXFileReference; lastKnownFileType = sourcecode.swift; path = AllProductsListView.swift; sourceTree = "<group>"; };
		7C30D14D2A7ABC7A009F93D7 /* CreateProductTextField.swift */ = {isa = PBXFileReference; lastKnownFileType = sourcecode.swift; path = CreateProductTextField.swift; sourceTree = "<group>"; };
		7C30D1502A7ACBEB009F93D7 /* UIApplicationExtension.swift */ = {isa = PBXFileReference; lastKnownFileType = sourcecode.swift; path = UIApplicationExtension.swift; sourceTree = "<group>"; };
		7C30D1522A7ACECC009F93D7 /* CategoryButton.swift */ = {isa = PBXFileReference; lastKnownFileType = sourcecode.swift; path = CategoryButton.swift; sourceTree = "<group>"; };
		7C30D1542A7AD8F3009F93D7 /* ViewExtension.swift */ = {isa = PBXFileReference; lastKnownFileType = sourcecode.swift; path = ViewExtension.swift; sourceTree = "<group>"; };
		7C30D1572A7AEE79009F93D7 /* TipSheetView.swift */ = {isa = PBXFileReference; lastKnownFileType = sourcecode.swift; path = TipSheetView.swift; sourceTree = "<group>"; };
		7C30D1592A7C168B009F93D7 /* AddProductView.swift */ = {isa = PBXFileReference; lastKnownFileType = sourcecode.swift; path = AddProductView.swift; sourceTree = "<group>"; };
		7C30D15B2A7C1B21009F93D7 /* ButtonProductList.swift */ = {isa = PBXFileReference; lastKnownFileType = sourcecode.swift; path = ButtonProductList.swift; sourceTree = "<group>"; };
		7C5FA0F92A7C42AE000D43BD /* RoutineButton.swift */ = {isa = PBXFileReference; lastKnownFileType = sourcecode.swift; path = RoutineButton.swift; sourceTree = "<group>"; };
		7CA88C9F2A7063EF00E58ABA /* CameraView.swift */ = {isa = PBXFileReference; lastKnownFileType = sourcecode.swift; path = CameraView.swift; sourceTree = "<group>"; };
		7CA88CA12A717B4600E58ABA /* DataScannerView.swift */ = {isa = PBXFileReference; lastKnownFileType = sourcecode.swift; path = DataScannerView.swift; sourceTree = "<group>"; };
		7CA88CA32A718C4F00E58ABA /* ProductView.swift */ = {isa = PBXFileReference; lastKnownFileType = sourcecode.swift; path = ProductView.swift; sourceTree = "<group>"; };
		7CA88CA72A72DFDF00E58ABA /* ImageViewModel.swift */ = {isa = PBXFileReference; lastKnownFileType = sourcecode.swift; path = ImageViewModel.swift; sourceTree = "<group>"; };
		7CB66FC32A66F2D7006DFFB2 /* SkinCareProject.app */ = {isa = PBXFileReference; explicitFileType = wrapper.application; includeInIndex = 0; path = SkinCareProject.app; sourceTree = BUILT_PRODUCTS_DIR; };
		7CB66FC62A66F2D7006DFFB2 /* SkinCareProjectApp.swift */ = {isa = PBXFileReference; lastKnownFileType = sourcecode.swift; path = SkinCareProjectApp.swift; sourceTree = "<group>"; };
		7CB66FC82A66F2D7006DFFB2 /* ContentView.swift */ = {isa = PBXFileReference; lastKnownFileType = sourcecode.swift; path = ContentView.swift; sourceTree = "<group>"; };
		7CB66FCA2A66F2D7006DFFB2 /* Assets.xcassets */ = {isa = PBXFileReference; lastKnownFileType = folder.assetcatalog; path = Assets.xcassets; sourceTree = "<group>"; };
		7CB66FCD2A66F2D7006DFFB2 /* Preview Assets.xcassets */ = {isa = PBXFileReference; lastKnownFileType = folder.assetcatalog; path = "Preview Assets.xcassets"; sourceTree = "<group>"; };
		7CB66FDB2A670122006DFFB2 /* Enums.swift */ = {isa = PBXFileReference; lastKnownFileType = sourcecode.swift; path = Enums.swift; sourceTree = "<group>"; };
		7CB66FDD2A670132006DFFB2 /* CameraViewModel.swift */ = {isa = PBXFileReference; lastKnownFileType = sourcecode.swift; path = CameraViewModel.swift; sourceTree = "<group>"; };
		7CB66FDF2A67013F006DFFB2 /* TipsService.swift */ = {isa = PBXFileReference; lastKnownFileType = sourcecode.swift; path = TipsService.swift; sourceTree = "<group>"; };
		7CB66FE32A6723CE006DFFB2 /* Classes.swift */ = {isa = PBXFileReference; lastKnownFileType = sourcecode.swift; path = Classes.swift; sourceTree = "<group>"; };
		7CB66FE52A67289A006DFFB2 /* Constants.swift */ = {isa = PBXFileReference; lastKnownFileType = sourcecode.swift; path = Constants.swift; sourceTree = "<group>"; };
		7CDF2E6C2A6B17C00028CA84 /* HomeView.swift */ = {isa = PBXFileReference; lastKnownFileType = sourcecode.swift; path = HomeView.swift; sourceTree = "<group>"; };
		7CDF2E6E2A6B17CE0028CA84 /* ProductListView.swift */ = {isa = PBXFileReference; lastKnownFileType = sourcecode.swift; path = ProductListView.swift; sourceTree = "<group>"; };
		7CDF2E702A6B17DC0028CA84 /* JournalView.swift */ = {isa = PBXFileReference; lastKnownFileType = sourcecode.swift; path = JournalView.swift; sourceTree = "<group>"; };
		7CDF2E722A6B17E70028CA84 /* ProfileView.swift */ = {isa = PBXFileReference; lastKnownFileType = sourcecode.swift; path = ProfileView.swift; sourceTree = "<group>"; };
		7CDF2E7D2A6EF8920028CA84 /* TipsView.swift */ = {isa = PBXFileReference; lastKnownFileType = sourcecode.swift; path = TipsView.swift; sourceTree = "<group>"; };
		7CDF2E7F2A6EFAE20028CA84 /* TipsData.json */ = {isa = PBXFileReference; lastKnownFileType = text.json; path = TipsData.json; sourceTree = "<group>"; };
		A55E88B92A686ECB005E5AC5 /* Splashscreen.swift */ = {isa = PBXFileReference; lastKnownFileType = sourcecode.swift; path = Splashscreen.swift; sourceTree = "<group>"; };
		A55E88BC2A7031FE005E5AC5 /* TabBarOnb.swift */ = {isa = PBXFileReference; lastKnownFileType = sourcecode.swift; path = TabBarOnb.swift; sourceTree = "<group>"; };
		A55E88C02A703268005E5AC5 /* QuestionnaireView.swift */ = {isa = PBXFileReference; lastKnownFileType = sourcecode.swift; path = QuestionnaireView.swift; sourceTree = "<group>"; };
		A55E88C82A7057CD005E5AC5 /* OnboardingView.swift */ = {isa = PBXFileReference; lastKnownFileType = sourcecode.swift; path = OnboardingView.swift; sourceTree = "<group>"; };
		A55E88CA2A70606D005E5AC5 /* SkinCareProject.entitlements */ = {isa = PBXFileReference; lastKnownFileType = text.plist.entitlements; path = SkinCareProject.entitlements; sourceTree = "<group>"; };
		A55E88D02A72E58A005E5AC5 /* CloudKitUtility.swift */ = {isa = PBXFileReference; lastKnownFileType = sourcecode.swift; path = CloudKitUtility.swift; sourceTree = "<group>"; };
		A55E88D42A7403BE005E5AC5 /* CloudKitViewModel.swift */ = {isa = PBXFileReference; lastKnownFileType = sourcecode.swift; path = CloudKitViewModel.swift; sourceTree = "<group>"; };
		D82F35142A79747800E7A8B1 /* DesignColors.swift */ = {isa = PBXFileReference; lastKnownFileType = sourcecode.swift; path = DesignColors.swift; sourceTree = "<group>"; };
		D82F351B2A797E5D00E7A8B1 /* ButtonPrimary.swift */ = {isa = PBXFileReference; lastKnownFileType = sourcecode.swift; path = ButtonPrimary.swift; sourceTree = "<group>"; };
		D82F351E2A79922900E7A8B1 /* ButtonExtension.swift */ = {isa = PBXFileReference; lastKnownFileType = sourcecode.swift; path = ButtonExtension.swift; sourceTree = "<group>"; };
/* End PBXFileReference section */

/* Begin PBXFrameworksBuildPhase section */
		7CB66FC02A66F2D7006DFFB2 /* Frameworks */ = {
			isa = PBXFrameworksBuildPhase;
			buildActionMask = 2147483647;
			files = (
			);
			runOnlyForDeploymentPostprocessing = 0;
		};
/* End PBXFrameworksBuildPhase section */

/* Begin PBXGroup section */
		7C30D14F2A7AC1C4009F93D7 /* TextFieldStyles */ = {
			isa = PBXGroup;
			children = (
				7C30D14D2A7ABC7A009F93D7 /* CreateProductTextField.swift */,
			);
			path = TextFieldStyles;
			sourceTree = "<group>";
		};
		7C30D1562A7AEE5B009F93D7 /* Tips */ = {
			isa = PBXGroup;
			children = (
				7CDF2E7D2A6EF8920028CA84 /* TipsView.swift */,
				7C30D1572A7AEE79009F93D7 /* TipSheetView.swift */,
			);
			path = Tips;
			sourceTree = "<group>";
		};
		7CA88C9E2A7063B500E58ABA /* Camera */ = {
			isa = PBXGroup;
			children = (
				7CA88CA72A72DFDF00E58ABA /* ImageViewModel.swift */,
				7CA88C9F2A7063EF00E58ABA /* CameraView.swift */,
			);
			path = Camera;
			sourceTree = "<group>";
		};
		7CB66FBA2A66F2D6006DFFB2 = {
			isa = PBXGroup;
			children = (
				7CB66FC52A66F2D7006DFFB2 /* SkinCareProject */,
				7CB66FC42A66F2D7006DFFB2 /* Products */,
			);
			sourceTree = "<group>";
		};
		7CB66FC42A66F2D7006DFFB2 /* Products */ = {
			isa = PBXGroup;
			children = (
				7CB66FC32A66F2D7006DFFB2 /* SkinCareProject.app */,
			);
			name = Products;
			sourceTree = "<group>";
		};
		7CB66FC52A66F2D7006DFFB2 /* SkinCareProject */ = {
			isa = PBXGroup;
			children = (
				D82F351D2A79921800E7A8B1 /* Extensions */,
				D82F35132A79740000E7A8B1 /* DesignSystem */,
				A55E88CD2A718729005E5AC5 /* CloudKit */,
				7CB66FD72A66F37F006DFFB2 /* Code */,
				7CB66FD62A66F368006DFFB2 /* Service */,
				7CB66FD42A66F348006DFFB2 /* Model */,
				7CB66FCA2A66F2D7006DFFB2 /* Assets.xcassets */,
				7CB66FCC2A66F2D7006DFFB2 /* Preview Content */,
			);
			path = SkinCareProject;
			sourceTree = "<group>";
		};
		7CB66FCC2A66F2D7006DFFB2 /* Preview Content */ = {
			isa = PBXGroup;
			children = (
				7CB66FCD2A66F2D7006DFFB2 /* Preview Assets.xcassets */,
			);
			path = "Preview Content";
			sourceTree = "<group>";
		};
		7CB66FD42A66F348006DFFB2 /* Model */ = {
			isa = PBXGroup;
			children = (
				7CDF2E7F2A6EFAE20028CA84 /* TipsData.json */,
			);
			path = Model;
			sourceTree = "<group>";
		};
		7CB66FD62A66F368006DFFB2 /* Service */ = {
			isa = PBXGroup;
			children = (
				7CB66FDF2A67013F006DFFB2 /* TipsService.swift */,
			);
			path = Service;
			sourceTree = "<group>";
		};
		7CB66FD72A66F37F006DFFB2 /* Code */ = {
			isa = PBXGroup;
			children = (
				7CB66FE52A67289A006DFFB2 /* Constants.swift */,
				7CB66FD82A66F3BD006DFFB2 /* Application */,
				7CB66FDA2A66F4C7006DFFB2 /* Structs */,
				A55E88B92A686ECB005E5AC5 /* Splashscreen.swift */,
				7C30D1562A7AEE5B009F93D7 /* Tips */,
				7CA88C9E2A7063B500E58ABA /* Camera */,
				A55E88BB2A7031EE005E5AC5 /* Onboarding */,
				A586F5C12A74587B002AA9B9 /* TabBar */,
			);
			path = Code;
			sourceTree = "<group>";
		};
		7CB66FD82A66F3BD006DFFB2 /* Application */ = {
			isa = PBXGroup;
			children = (
				7CB66FC62A66F2D7006DFFB2 /* SkinCareProjectApp.swift */,
			);
			path = Application;
			sourceTree = "<group>";
		};
		7CB66FDA2A66F4C7006DFFB2 /* Structs */ = {
			isa = PBXGroup;
			children = (
				7CB66FDB2A670122006DFFB2 /* Enums.swift */,
				7CB66FE32A6723CE006DFFB2 /* Classes.swift */,
			);
			path = Structs;
			sourceTree = "<group>";
		};
		A55E88BB2A7031EE005E5AC5 /* Onboarding */ = {
			isa = PBXGroup;
			children = (
				A55E88BC2A7031FE005E5AC5 /* TabBarOnb.swift */,
				A55E88C82A7057CD005E5AC5 /* OnboardingView.swift */,
				A55E88C02A703268005E5AC5 /* QuestionnaireView.swift */,
			);
			path = Onboarding;
			sourceTree = "<group>";
		};
		A55E88CD2A718729005E5AC5 /* CloudKit */ = {
			isa = PBXGroup;
			children = (
				A55E88CA2A70606D005E5AC5 /* SkinCareProject.entitlements */,
				A55E88D02A72E58A005E5AC5 /* CloudKitUtility.swift */,
				A55E88D42A7403BE005E5AC5 /* CloudKitViewModel.swift */,
			);
			path = CloudKit;
			sourceTree = "<group>";
		};
		A586F5C12A74587B002AA9B9 /* TabBar */ = {
			isa = PBXGroup;
			children = (
				7CB66FC82A66F2D7006DFFB2 /* ContentView.swift */,
				A586F5C22A7458B3002AA9B9 /* Rotina */,
				A586F5C42A7458C7002AA9B9 /* Produtos */,
				A586F5C52A7458D2002AA9B9 /* Diario */,
				A586F5C32A7458BE002AA9B9 /* Perfil */,
			);
			path = TabBar;
			sourceTree = "<group>";
		};
		A586F5C22A7458B3002AA9B9 /* Rotina */ = {
			isa = PBXGroup;
			children = (
				7CDF2E6C2A6B17C00028CA84 /* HomeView.swift */,
				7C30D1592A7C168B009F93D7 /* AddProductView.swift */,
				7C30D13D2A79764B009F93D7 /* CreateProductView.swift */,
			);
			path = Rotina;
			sourceTree = "<group>";
		};
		A586F5C32A7458BE002AA9B9 /* Perfil */ = {
			isa = PBXGroup;
			children = (
				7CDF2E722A6B17E70028CA84 /* ProfileView.swift */,
			);
			path = Perfil;
			sourceTree = "<group>";
		};
		A586F5C42A7458C7002AA9B9 /* Produtos */ = {
			isa = PBXGroup;
			children = (
				7CDF2E6E2A6B17CE0028CA84 /* ProductListView.swift */,
				7CA88CA32A718C4F00E58ABA /* ProductView.swift */,
				7CB66FDD2A670132006DFFB2 /* CameraViewModel.swift */,
				7CA88CA12A717B4600E58ABA /* DataScannerView.swift */,
				7C30D14B2A7AA627009F93D7 /* AllProductsListView.swift */,
			);
			path = Produtos;
			sourceTree = "<group>";
		};
		A586F5C52A7458D2002AA9B9 /* Diario */ = {
			isa = PBXGroup;
			children = (
				7CDF2E702A6B17DC0028CA84 /* JournalView.swift */,
			);
			path = Diario;
			sourceTree = "<group>";
		};
		D82F35132A79740000E7A8B1 /* DesignSystem */ = {
			isa = PBXGroup;
			children = (
				D82F35142A79747800E7A8B1 /* DesignColors.swift */,
				7C30D1472A79E794009F93D7 /* Searchbar.swift */,
				D82F351A2A797E3200E7A8B1 /* ButtonStyles */,
				7C30D14F2A7AC1C4009F93D7 /* TextFieldStyles */,
			);
			path = DesignSystem;
			sourceTree = "<group>";
		};
		D82F351A2A797E3200E7A8B1 /* ButtonStyles */ = {
			isa = PBXGroup;
			children = (
				D82F351B2A797E5D00E7A8B1 /* ButtonPrimary.swift */,
				7C30D1432A79959B009F93D7 /* CircleDayButton.swift */,
				7C30D1452A799A20009F93D7 /* RectangleCategoryButton.swift */,
				7C30D1492A7AA5D9009F93D7 /* ProductButton.swift */,
				7C30D1522A7ACECC009F93D7 /* CategoryButton.swift */,
				7C30D15B2A7C1B21009F93D7 /* ButtonProductList.swift */,
				7C5FA0F92A7C42AE000D43BD /* RoutineButton.swift */,
			);
			path = ButtonStyles;
			sourceTree = "<group>";
		};
		D82F351D2A79921800E7A8B1 /* Extensions */ = {
			isa = PBXGroup;
			children = (
				D82F351E2A79922900E7A8B1 /* ButtonExtension.swift */,
				7C30D1502A7ACBEB009F93D7 /* UIApplicationExtension.swift */,
				7C30D1542A7AD8F3009F93D7 /* ViewExtension.swift */,
			);
			path = Extensions;
			sourceTree = "<group>";
		};
/* End PBXGroup section */

/* Begin PBXNativeTarget section */
		7CB66FC22A66F2D7006DFFB2 /* SkinCareProject */ = {
			isa = PBXNativeTarget;
			buildConfigurationList = 7CB66FD12A66F2D7006DFFB2 /* Build configuration list for PBXNativeTarget "SkinCareProject" */;
			buildPhases = (
				7CB66FBF2A66F2D7006DFFB2 /* Sources */,
				7CB66FC02A66F2D7006DFFB2 /* Frameworks */,
				7CB66FC12A66F2D7006DFFB2 /* Resources */,
			);
			buildRules = (
			);
			dependencies = (
			);
			name = SkinCareProject;
			productName = SkinCareProject;
			productReference = 7CB66FC32A66F2D7006DFFB2 /* SkinCareProject.app */;
			productType = "com.apple.product-type.application";
		};
/* End PBXNativeTarget section */

/* Begin PBXProject section */
		7CB66FBB2A66F2D6006DFFB2 /* Project object */ = {
			isa = PBXProject;
			attributes = {
				BuildIndependentTargetsInParallel = 1;
				LastSwiftUpdateCheck = 1430;
				LastUpgradeCheck = 1430;
				TargetAttributes = {
					7CB66FC22A66F2D7006DFFB2 = {
						CreatedOnToolsVersion = 14.3.1;
					};
				};
			};
			buildConfigurationList = 7CB66FBE2A66F2D6006DFFB2 /* Build configuration list for PBXProject "SkinCareProject" */;
			compatibilityVersion = "Xcode 14.0";
			developmentRegion = en;
			hasScannedForEncodings = 0;
			knownRegions = (
				en,
				Base,
			);
			mainGroup = 7CB66FBA2A66F2D6006DFFB2;
			productRefGroup = 7CB66FC42A66F2D7006DFFB2 /* Products */;
			projectDirPath = "";
			projectRoot = "";
			targets = (
				7CB66FC22A66F2D7006DFFB2 /* SkinCareProject */,
			);
		};
/* End PBXProject section */

/* Begin PBXResourcesBuildPhase section */
		7CB66FC12A66F2D7006DFFB2 /* Resources */ = {
			isa = PBXResourcesBuildPhase;
			buildActionMask = 2147483647;
			files = (
				7CB66FCE2A66F2D7006DFFB2 /* Preview Assets.xcassets in Resources */,
				7CB66FCB2A66F2D7006DFFB2 /* Assets.xcassets in Resources */,
				7CDF2E822A6F142E0028CA84 /* TipsData.json in Resources */,
			);
			runOnlyForDeploymentPostprocessing = 0;
		};
/* End PBXResourcesBuildPhase section */

/* Begin PBXSourcesBuildPhase section */
		7CB66FBF2A66F2D7006DFFB2 /* Sources */ = {
			isa = PBXSourcesBuildPhase;
			buildActionMask = 2147483647;
			files = (
				7C30D1462A799A20009F93D7 /* RectangleCategoryButton.swift in Sources */,
				7CDF2E6F2A6B17CE0028CA84 /* ProductListView.swift in Sources */,
				7C30D1582A7AEE79009F93D7 /* TipSheetView.swift in Sources */,
				7CDF2E732A6B17E70028CA84 /* ProfileView.swift in Sources */,
				7C30D14A2A7AA5D9009F93D7 /* ProductButton.swift in Sources */,
				7CB66FC92A66F2D7006DFFB2 /* ContentView.swift in Sources */,
				7CB66FE42A6723CE006DFFB2 /* Classes.swift in Sources */,
				7C30D1512A7ACBEB009F93D7 /* UIApplicationExtension.swift in Sources */,
				7CDF2E7E2A6EF8920028CA84 /* TipsView.swift in Sources */,
				7CB66FC72A66F2D7006DFFB2 /* SkinCareProjectApp.swift in Sources */,
				D82F351C2A797E5D00E7A8B1 /* ButtonPrimary.swift in Sources */,
				A55E88D52A7403BE005E5AC5 /* CloudKitViewModel.swift in Sources */,
				A55E88C92A7057CD005E5AC5 /* OnboardingView.swift in Sources */,
				7C30D15A2A7C168B009F93D7 /* AddProductView.swift in Sources */,
				A55E88C12A703268005E5AC5 /* QuestionnaireView.swift in Sources */,
				7C30D1532A7ACECC009F93D7 /* CategoryButton.swift in Sources */,
				D82F35152A79747800E7A8B1 /* DesignColors.swift in Sources */,
				7CDF2E6D2A6B17C00028CA84 /* HomeView.swift in Sources */,
				7C30D13E2A79764B009F93D7 /* CreateProductView.swift in Sources */,
				7C30D1442A79959B009F93D7 /* CircleDayButton.swift in Sources */,
				7CB66FDC2A670122006DFFB2 /* Enums.swift in Sources */,
				7C30D15C2A7C1B21009F93D7 /* ButtonProductList.swift in Sources */,
				7C30D14C2A7AA627009F93D7 /* AllProductsListView.swift in Sources */,
				7CDF2E712A6B17DC0028CA84 /* JournalView.swift in Sources */,
				7CB66FE02A67013F006DFFB2 /* TipsService.swift in Sources */,
				7CA88CA02A7063EF00E58ABA /* CameraView.swift in Sources */,
				7C30D14E2A7ABC7A009F93D7 /* CreateProductTextField.swift in Sources */,
				7C5FA0FA2A7C42AE000D43BD /* RoutineButton.swift in Sources */,
				7C30D1552A7AD8F3009F93D7 /* ViewExtension.swift in Sources */,
				7CA88CA22A717B4600E58ABA /* DataScannerView.swift in Sources */,
				D82F351F2A79922900E7A8B1 /* ButtonExtension.swift in Sources */,
				7CB66FDE2A670132006DFFB2 /* CameraViewModel.swift in Sources */,
				A55E88BA2A686ECB005E5AC5 /* Splashscreen.swift in Sources */,
				7CA88CA42A718C4F00E58ABA /* ProductView.swift in Sources */,
				7CA88CA82A72DFDF00E58ABA /* ImageViewModel.swift in Sources */,
				7CB66FE62A67289A006DFFB2 /* Constants.swift in Sources */,
				A55E88D12A72E58A005E5AC5 /* CloudKitUtility.swift in Sources */,
				A55E88BD2A7031FE005E5AC5 /* TabBarOnb.swift in Sources */,
				7C30D1482A79E794009F93D7 /* Searchbar.swift in Sources */,
			);
			runOnlyForDeploymentPostprocessing = 0;
		};
/* End PBXSourcesBuildPhase section */

/* Begin XCBuildConfiguration section */
		7CB66FCF2A66F2D7006DFFB2 /* Debug */ = {
			isa = XCBuildConfiguration;
			buildSettings = {
				ALWAYS_SEARCH_USER_PATHS = NO;
				CLANG_ANALYZER_NONNULL = YES;
				CLANG_ANALYZER_NUMBER_OBJECT_CONVERSION = YES_AGGRESSIVE;
				CLANG_CXX_LANGUAGE_STANDARD = "gnu++20";
				CLANG_ENABLE_MODULES = YES;
				CLANG_ENABLE_OBJC_ARC = YES;
				CLANG_ENABLE_OBJC_WEAK = YES;
				CLANG_WARN_BLOCK_CAPTURE_AUTORELEASING = YES;
				CLANG_WARN_BOOL_CONVERSION = YES;
				CLANG_WARN_COMMA = YES;
				CLANG_WARN_CONSTANT_CONVERSION = YES;
				CLANG_WARN_DEPRECATED_OBJC_IMPLEMENTATIONS = YES;
				CLANG_WARN_DIRECT_OBJC_ISA_USAGE = YES_ERROR;
				CLANG_WARN_DOCUMENTATION_COMMENTS = YES;
				CLANG_WARN_EMPTY_BODY = YES;
				CLANG_WARN_ENUM_CONVERSION = YES;
				CLANG_WARN_INFINITE_RECURSION = YES;
				CLANG_WARN_INT_CONVERSION = YES;
				CLANG_WARN_NON_LITERAL_NULL_CONVERSION = YES;
				CLANG_WARN_OBJC_IMPLICIT_RETAIN_SELF = YES;
				CLANG_WARN_OBJC_LITERAL_CONVERSION = YES;
				CLANG_WARN_OBJC_ROOT_CLASS = YES_ERROR;
				CLANG_WARN_QUOTED_INCLUDE_IN_FRAMEWORK_HEADER = YES;
				CLANG_WARN_RANGE_LOOP_ANALYSIS = YES;
				CLANG_WARN_STRICT_PROTOTYPES = YES;
				CLANG_WARN_SUSPICIOUS_MOVE = YES;
				CLANG_WARN_UNGUARDED_AVAILABILITY = YES_AGGRESSIVE;
				CLANG_WARN_UNREACHABLE_CODE = YES;
				CLANG_WARN__DUPLICATE_METHOD_MATCH = YES;
				COPY_PHASE_STRIP = NO;
				DEBUG_INFORMATION_FORMAT = dwarf;
				ENABLE_STRICT_OBJC_MSGSEND = YES;
				ENABLE_TESTABILITY = YES;
				GCC_C_LANGUAGE_STANDARD = gnu11;
				GCC_DYNAMIC_NO_PIC = NO;
				GCC_NO_COMMON_BLOCKS = YES;
				GCC_OPTIMIZATION_LEVEL = 0;
				GCC_PREPROCESSOR_DEFINITIONS = (
					"DEBUG=1",
					"$(inherited)",
				);
				GCC_WARN_64_TO_32_BIT_CONVERSION = YES;
				GCC_WARN_ABOUT_RETURN_TYPE = YES_ERROR;
				GCC_WARN_UNDECLARED_SELECTOR = YES;
				GCC_WARN_UNINITIALIZED_AUTOS = YES_AGGRESSIVE;
				GCC_WARN_UNUSED_FUNCTION = YES;
				GCC_WARN_UNUSED_VARIABLE = YES;
				IPHONEOS_DEPLOYMENT_TARGET = 16.4;
				MTL_ENABLE_DEBUG_INFO = INCLUDE_SOURCE;
				MTL_FAST_MATH = YES;
				ONLY_ACTIVE_ARCH = YES;
				SDKROOT = iphoneos;
				SWIFT_ACTIVE_COMPILATION_CONDITIONS = DEBUG;
				SWIFT_OPTIMIZATION_LEVEL = "-Onone";
			};
			name = Debug;
		};
		7CB66FD02A66F2D7006DFFB2 /* Release */ = {
			isa = XCBuildConfiguration;
			buildSettings = {
				ALWAYS_SEARCH_USER_PATHS = NO;
				CLANG_ANALYZER_NONNULL = YES;
				CLANG_ANALYZER_NUMBER_OBJECT_CONVERSION = YES_AGGRESSIVE;
				CLANG_CXX_LANGUAGE_STANDARD = "gnu++20";
				CLANG_ENABLE_MODULES = YES;
				CLANG_ENABLE_OBJC_ARC = YES;
				CLANG_ENABLE_OBJC_WEAK = YES;
				CLANG_WARN_BLOCK_CAPTURE_AUTORELEASING = YES;
				CLANG_WARN_BOOL_CONVERSION = YES;
				CLANG_WARN_COMMA = YES;
				CLANG_WARN_CONSTANT_CONVERSION = YES;
				CLANG_WARN_DEPRECATED_OBJC_IMPLEMENTATIONS = YES;
				CLANG_WARN_DIRECT_OBJC_ISA_USAGE = YES_ERROR;
				CLANG_WARN_DOCUMENTATION_COMMENTS = YES;
				CLANG_WARN_EMPTY_BODY = YES;
				CLANG_WARN_ENUM_CONVERSION = YES;
				CLANG_WARN_INFINITE_RECURSION = YES;
				CLANG_WARN_INT_CONVERSION = YES;
				CLANG_WARN_NON_LITERAL_NULL_CONVERSION = YES;
				CLANG_WARN_OBJC_IMPLICIT_RETAIN_SELF = YES;
				CLANG_WARN_OBJC_LITERAL_CONVERSION = YES;
				CLANG_WARN_OBJC_ROOT_CLASS = YES_ERROR;
				CLANG_WARN_QUOTED_INCLUDE_IN_FRAMEWORK_HEADER = YES;
				CLANG_WARN_RANGE_LOOP_ANALYSIS = YES;
				CLANG_WARN_STRICT_PROTOTYPES = YES;
				CLANG_WARN_SUSPICIOUS_MOVE = YES;
				CLANG_WARN_UNGUARDED_AVAILABILITY = YES_AGGRESSIVE;
				CLANG_WARN_UNREACHABLE_CODE = YES;
				CLANG_WARN__DUPLICATE_METHOD_MATCH = YES;
				COPY_PHASE_STRIP = NO;
				DEBUG_INFORMATION_FORMAT = "dwarf-with-dsym";
				ENABLE_NS_ASSERTIONS = NO;
				ENABLE_STRICT_OBJC_MSGSEND = YES;
				GCC_C_LANGUAGE_STANDARD = gnu11;
				GCC_NO_COMMON_BLOCKS = YES;
				GCC_WARN_64_TO_32_BIT_CONVERSION = YES;
				GCC_WARN_ABOUT_RETURN_TYPE = YES_ERROR;
				GCC_WARN_UNDECLARED_SELECTOR = YES;
				GCC_WARN_UNINITIALIZED_AUTOS = YES_AGGRESSIVE;
				GCC_WARN_UNUSED_FUNCTION = YES;
				GCC_WARN_UNUSED_VARIABLE = YES;
				IPHONEOS_DEPLOYMENT_TARGET = 16.4;
				MTL_ENABLE_DEBUG_INFO = NO;
				MTL_FAST_MATH = YES;
				SDKROOT = iphoneos;
				SWIFT_COMPILATION_MODE = wholemodule;
				SWIFT_OPTIMIZATION_LEVEL = "-O";
				VALIDATE_PRODUCT = YES;
			};
			name = Release;
		};
		7CB66FD22A66F2D7006DFFB2 /* Debug */ = {
			isa = XCBuildConfiguration;
			buildSettings = {
				ASSETCATALOG_COMPILER_APPICON_NAME = AppIcon;
				ASSETCATALOG_COMPILER_GLOBAL_ACCENT_COLOR_NAME = AccentColor;
				CODE_SIGN_ENTITLEMENTS = SkinCareProject/CloudKit/SkinCareProject.entitlements;
				CODE_SIGN_STYLE = Automatic;
				CURRENT_PROJECT_VERSION = 1;
				DEVELOPMENT_ASSET_PATHS = "\"SkinCareProject/Preview Content\"";
				DEVELOPMENT_TEAM = 3MS8Y2RCJZ;
				ENABLE_PREVIEWS = YES;
				GENERATE_INFOPLIST_FILE = YES;
				INFOPLIST_KEY_NSCameraUsageDescription = "O app precisa da câmera para essa funcionalidade, você permite o seu uso?";
				INFOPLIST_KEY_UIApplicationSceneManifest_Generation = YES;
				INFOPLIST_KEY_UIApplicationSupportsIndirectInputEvents = YES;
				INFOPLIST_KEY_UILaunchScreen_Generation = YES;
				INFOPLIST_KEY_UISupportedInterfaceOrientations = UIInterfaceOrientationPortrait;
				INFOPLIST_KEY_UISupportedInterfaceOrientations_iPad = "UIInterfaceOrientationLandscapeLeft UIInterfaceOrientationLandscapeRight UIInterfaceOrientationPortrait UIInterfaceOrientationPortraitUpsideDown";
				LD_RUNPATH_SEARCH_PATHS = (
					"$(inherited)",
					"@executable_path/Frameworks",
				);
				MARKETING_VERSION = 1.0;
				PRODUCT_BUNDLE_IDENTIFIER = com.academy.SkinCareProject;
				PRODUCT_NAME = "$(TARGET_NAME)";
				SWIFT_EMIT_LOC_STRINGS = YES;
				SWIFT_VERSION = 5.0;
				TARGETED_DEVICE_FAMILY = "1,2";
			};
			name = Debug;
		};
		7CB66FD32A66F2D7006DFFB2 /* Release */ = {
			isa = XCBuildConfiguration;
			buildSettings = {
				ASSETCATALOG_COMPILER_APPICON_NAME = AppIcon;
				ASSETCATALOG_COMPILER_GLOBAL_ACCENT_COLOR_NAME = AccentColor;
				CODE_SIGN_ENTITLEMENTS = SkinCareProject/CloudKit/SkinCareProject.entitlements;
				CODE_SIGN_STYLE = Automatic;
				CURRENT_PROJECT_VERSION = 1;
				DEVELOPMENT_ASSET_PATHS = "\"SkinCareProject/Preview Content\"";
				DEVELOPMENT_TEAM = 3MS8Y2RCJZ;
				ENABLE_PREVIEWS = YES;
				GENERATE_INFOPLIST_FILE = YES;
				INFOPLIST_KEY_NSCameraUsageDescription = "O app precisa da câmera para essa funcionalidade, você permite o seu uso?";
				INFOPLIST_KEY_UIApplicationSceneManifest_Generation = YES;
				INFOPLIST_KEY_UIApplicationSupportsIndirectInputEvents = YES;
				INFOPLIST_KEY_UILaunchScreen_Generation = YES;
				INFOPLIST_KEY_UISupportedInterfaceOrientations = UIInterfaceOrientationPortrait;
				INFOPLIST_KEY_UISupportedInterfaceOrientations_iPad = "UIInterfaceOrientationLandscapeLeft UIInterfaceOrientationLandscapeRight UIInterfaceOrientationPortrait UIInterfaceOrientationPortraitUpsideDown";
				LD_RUNPATH_SEARCH_PATHS = (
					"$(inherited)",
					"@executable_path/Frameworks",
				);
				MARKETING_VERSION = 1.0;
				PRODUCT_BUNDLE_IDENTIFIER = com.academy.SkinCareProject;
				PRODUCT_NAME = "$(TARGET_NAME)";
				SWIFT_EMIT_LOC_STRINGS = YES;
				SWIFT_VERSION = 5.0;
				TARGETED_DEVICE_FAMILY = "1,2";
			};
			name = Release;
		};
/* End XCBuildConfiguration section */

/* Begin XCConfigurationList section */
		7CB66FBE2A66F2D6006DFFB2 /* Build configuration list for PBXProject "SkinCareProject" */ = {
			isa = XCConfigurationList;
			buildConfigurations = (
				7CB66FCF2A66F2D7006DFFB2 /* Debug */,
				7CB66FD02A66F2D7006DFFB2 /* Release */,
			);
			defaultConfigurationIsVisible = 0;
			defaultConfigurationName = Release;
		};
		7CB66FD12A66F2D7006DFFB2 /* Build configuration list for PBXNativeTarget "SkinCareProject" */ = {
			isa = XCConfigurationList;
			buildConfigurations = (
				7CB66FD22A66F2D7006DFFB2 /* Debug */,
				7CB66FD32A66F2D7006DFFB2 /* Release */,
			);
			defaultConfigurationIsVisible = 0;
			defaultConfigurationName = Release;
		};
/* End XCConfigurationList section */
	};
	rootObject = 7CB66FBB2A66F2D6006DFFB2 /* Project object */;
}
