// !$*UTF8*$!
{
	archiveVersion = 1;
	classes = {
	};
	objectVersion = 56;
	objects = {

/* Begin PBXBuildFile section */
		7C30D13E2A79764B009F93D7 /* CreateProductView.swift in Sources */ = {isa = PBXBuildFile; fileRef = 7C30D13D2A79764B009F93D7 /* CreateProductView.swift */; };
		7C30D1442A79959B009F93D7 /* CircleDayButton.swift in Sources */ = {isa = PBXBuildFile; fileRef = 7C30D1432A79959B009F93D7 /* CircleDayButton.swift */; };
		7C30D1462A799A20009F93D7 /* RectangleCategoryButton.swift in Sources */ = {isa = PBXBuildFile; fileRef = 7C30D1452A799A20009F93D7 /* RectangleCategoryButton.swift */; };
		7C30D1482A79E794009F93D7 /* Searchbar.swift in Sources */ = {isa = PBXBuildFile; fileRef = 7C30D1472A79E794009F93D7 /* Searchbar.swift */; };
		7C30D14A2A7AA5D9009F93D7 /* ProductButton.swift in Sources */ = {isa = PBXBuildFile; fileRef = 7C30D1492A7AA5D9009F93D7 /* ProductButton.swift */; };
		7C30D14C2A7AA627009F93D7 /* AllProductsListView.swift in Sources */ = {isa = PBXBuildFile; fileRef = 7C30D14B2A7AA627009F93D7 /* AllProductsListView.swift */; };
		7C30D14E2A7ABC7A009F93D7 /* CreateProductTextField.swift in Sources */ = {isa = PBXBuildFile; fileRef = 7C30D14D2A7ABC7A009F93D7 /* CreateProductTextField.swift */; };
		7C30D1512A7ACBEB009F93D7 /* UIApplicationExtension.swift in Sources */ = {isa = PBXBuildFile; fileRef = 7C30D1502A7ACBEB009F93D7 /* UIApplicationExtension.swift */; };
		7C30D1532A7ACECC009F93D7 /* CategoryButton.swift in Sources */ = {isa = PBXBuildFile; fileRef = 7C30D1522A7ACECC009F93D7 /* CategoryButton.swift */; };
		7C30D1552A7AD8F3009F93D7 /* ViewExtension.swift in Sources */ = {isa = PBXBuildFile; fileRef = 7C30D1542A7AD8F3009F93D7 /* ViewExtension.swift */; };
		7C30D1582A7AEE79009F93D7 /* TipSheetView.swift in Sources */ = {isa = PBXBuildFile; fileRef = 7C30D1572A7AEE79009F93D7 /* TipSheetView.swift */; };
		7C30D15A2A7C168B009F93D7 /* AddProductView.swift in Sources */ = {isa = PBXBuildFile; fileRef = 7C30D1592A7C168B009F93D7 /* AddProductView.swift */; };
		7C30D15C2A7C1B21009F93D7 /* ButtonProductList.swift in Sources */ = {isa = PBXBuildFile; fileRef = 7C30D15B2A7C1B21009F93D7 /* ButtonProductList.swift */; };
		7C5FA0FA2A7C42AE000D43BD /* RoutineButton.swift in Sources */ = {isa = PBXBuildFile; fileRef = 7C5FA0F92A7C42AE000D43BD /* RoutineButton.swift */; };
		7C62FE502A82C07800C586A3 /* HorizontalScrollProductsView.swift in Sources */ = {isa = PBXBuildFile; fileRef = 7C62FE4F2A82C07800C586A3 /* HorizontalScrollProductsView.swift */; };
		7C62FE522A82C08800C586A3 /* VerticalScrollProductsView.swift in Sources */ = {isa = PBXBuildFile; fileRef = 7C62FE512A82C08800C586A3 /* VerticalScrollProductsView.swift */; };
		7C62FE542A843C2700C586A3 /* AboutProductView.swift in Sources */ = {isa = PBXBuildFile; fileRef = 7C62FE532A843C2600C586A3 /* AboutProductView.swift */; };
		7C62FE562A84560900C586A3 /* HowUseProductView.swift in Sources */ = {isa = PBXBuildFile; fileRef = 7C62FE552A84560900C586A3 /* HowUseProductView.swift */; };
		7C62FE5B2A85B51600C586A3 /* ProductNotFoundView.swift in Sources */ = {isa = PBXBuildFile; fileRef = 7C62FE5A2A85B51600C586A3 /* ProductNotFoundView.swift */; };
		7CA88CA02A7063EF00E58ABA /* CameraView.swift in Sources */ = {isa = PBXBuildFile; fileRef = 7CA88C9F2A7063EF00E58ABA /* CameraView.swift */; };
		7CA88CA22A717B4600E58ABA /* DataScannerView.swift in Sources */ = {isa = PBXBuildFile; fileRef = 7CA88CA12A717B4600E58ABA /* DataScannerView.swift */; };
		7CA88CA42A718C4F00E58ABA /* ProductView.swift in Sources */ = {isa = PBXBuildFile; fileRef = 7CA88CA32A718C4F00E58ABA /* ProductView.swift */; };
		7CA88CA82A72DFDF00E58ABA /* ImageViewModel.swift in Sources */ = {isa = PBXBuildFile; fileRef = 7CA88CA72A72DFDF00E58ABA /* ImageViewModel.swift */; };
		7CB66FC72A66F2D7006DFFB2 /* SkinCareProjectApp.swift in Sources */ = {isa = PBXBuildFile; fileRef = 7CB66FC62A66F2D7006DFFB2 /* SkinCareProjectApp.swift */; };
		7CB66FC92A66F2D7006DFFB2 /* ContentView.swift in Sources */ = {isa = PBXBuildFile; fileRef = 7CB66FC82A66F2D7006DFFB2 /* ContentView.swift */; };
		7CB66FCB2A66F2D7006DFFB2 /* Assets.xcassets in Resources */ = {isa = PBXBuildFile; fileRef = 7CB66FCA2A66F2D7006DFFB2 /* Assets.xcassets */; };
		7CB66FCE2A66F2D7006DFFB2 /* Preview Assets.xcassets in Resources */ = {isa = PBXBuildFile; fileRef = 7CB66FCD2A66F2D7006DFFB2 /* Preview Assets.xcassets */; };
		7CB66FDC2A670122006DFFB2 /* Enums.swift in Sources */ = {isa = PBXBuildFile; fileRef = 7CB66FDB2A670122006DFFB2 /* Enums.swift */; };
		7CB66FDE2A670132006DFFB2 /* CameraViewModel.swift in Sources */ = {isa = PBXBuildFile; fileRef = 7CB66FDD2A670132006DFFB2 /* CameraViewModel.swift */; };
		7CB66FE02A67013F006DFFB2 /* TipsService.swift in Sources */ = {isa = PBXBuildFile; fileRef = 7CB66FDF2A67013F006DFFB2 /* TipsService.swift */; };
		7CB66FE42A6723CE006DFFB2 /* Classes.swift in Sources */ = {isa = PBXBuildFile; fileRef = 7CB66FE32A6723CE006DFFB2 /* Classes.swift */; };
		7CB66FE62A67289A006DFFB2 /* Constants.swift in Sources */ = {isa = PBXBuildFile; fileRef = 7CB66FE52A67289A006DFFB2 /* Constants.swift */; };
		7CDF2E6D2A6B17C00028CA84 /* HomeView.swift in Sources */ = {isa = PBXBuildFile; fileRef = 7CDF2E6C2A6B17C00028CA84 /* HomeView.swift */; };
		7CDF2E6F2A6B17CE0028CA84 /* ProductListView.swift in Sources */ = {isa = PBXBuildFile; fileRef = 7CDF2E6E2A6B17CE0028CA84 /* ProductListView.swift */; };
		7CDF2E712A6B17DC0028CA84 /* DiaryView.swift in Sources */ = {isa = PBXBuildFile; fileRef = 7CDF2E702A6B17DC0028CA84 /* DiaryView.swift */; };
		7CDF2E732A6B17E70028CA84 /* ProfileView.swift in Sources */ = {isa = PBXBuildFile; fileRef = 7CDF2E722A6B17E70028CA84 /* ProfileView.swift */; };
		7CDF2E822A6F142E0028CA84 /* TipsData.json in Resources */ = {isa = PBXBuildFile; fileRef = 7CDF2E7F2A6EFAE20028CA84 /* TipsData.json */; };
		A544A6EE2A797A1A006E1747 /* NotificationService.swift in Sources */ = {isa = PBXBuildFile; fileRef = A544A6ED2A797A1A006E1747 /* NotificationService.swift */; };
		A544A6F02A797A65006E1747 /* HapticsService.swift in Sources */ = {isa = PBXBuildFile; fileRef = A544A6EF2A797A65006E1747 /* HapticsService.swift */; };
		A544A6F32A797D1E006E1747 /* RoutineProgress.swift in Sources */ = {isa = PBXBuildFile; fileRef = A544A6F22A797D1E006E1747 /* RoutineProgress.swift */; };
		A544A6F52A797F2C006E1747 /* RoutineProgressBar.swift in Sources */ = {isa = PBXBuildFile; fileRef = A544A6F42A797F2C006E1747 /* RoutineProgressBar.swift */; };
		A544A6F72A79840B006E1747 /* RoutineAlarm.swift in Sources */ = {isa = PBXBuildFile; fileRef = A544A6F62A79840B006E1747 /* RoutineAlarm.swift */; };
		A544A6FB2A799AD5006E1747 /* RoutineView.swift in Sources */ = {isa = PBXBuildFile; fileRef = A544A6FA2A799AD5006E1747 /* RoutineView.swift */; };
		A544A6FF2A7AC3A3006E1747 /* ListTitle.swift in Sources */ = {isa = PBXBuildFile; fileRef = A544A6FE2A7AC3A3006E1747 /* ListTitle.swift */; };
		A544A7012A7AC4ED006E1747 /* ListDescription.swift in Sources */ = {isa = PBXBuildFile; fileRef = A544A7002A7AC4ED006E1747 /* ListDescription.swift */; };
		A544A7032A7AC67C006E1747 /* ListProductComponent.swift in Sources */ = {isa = PBXBuildFile; fileRef = A544A7022A7AC67C006E1747 /* ListProductComponent.swift */; };
		A544A7052A7ADB15006E1747 /* ListView.swift in Sources */ = {isa = PBXBuildFile; fileRef = A544A7042A7ADB15006E1747 /* ListView.swift */; };
		A55E88BA2A686ECB005E5AC5 /* Splashscreen.swift in Sources */ = {isa = PBXBuildFile; fileRef = A55E88B92A686ECB005E5AC5 /* Splashscreen.swift */; };
		A55E88BD2A7031FE005E5AC5 /* TabBarOnb.swift in Sources */ = {isa = PBXBuildFile; fileRef = A55E88BC2A7031FE005E5AC5 /* TabBarOnb.swift */; };
		A55E88D12A72E58A005E5AC5 /* CloudKitUtility.swift in Sources */ = {isa = PBXBuildFile; fileRef = A55E88D02A72E58A005E5AC5 /* CloudKitUtility.swift */; };
		A55E88D52A7403BE005E5AC5 /* CloudKitViewModel.swift in Sources */ = {isa = PBXBuildFile; fileRef = A55E88D42A7403BE005E5AC5 /* CloudKitViewModel.swift */; };
		A5AD05332A7D378100826963 /* TipsView.swift in Sources */ = {isa = PBXBuildFile; fileRef = A5AD05322A7D378100826963 /* TipsView.swift */; };
		D82F35152A79747800E7A8B1 /* DesignColors.swift in Sources */ = {isa = PBXBuildFile; fileRef = D82F35142A79747800E7A8B1 /* DesignColors.swift */; };
		D82F351F2A79922900E7A8B1 /* ButtonExtension.swift in Sources */ = {isa = PBXBuildFile; fileRef = D82F351E2A79922900E7A8B1 /* ButtonExtension.swift */; };
		D87F2E692A816D34000B42F8 /* GraphicPicker.swift in Sources */ = {isa = PBXBuildFile; fileRef = D87F2E682A816D34000B42F8 /* GraphicPicker.swift */; };
		D87F2E6F2A826D77000B42F8 /* AddPhotoCard.swift in Sources */ = {isa = PBXBuildFile; fileRef = D87F2E6E2A826D77000B42F8 /* AddPhotoCard.swift */; };
		D88A10392A7B5915006CC93E /* TabBarQuest.swift in Sources */ = {isa = PBXBuildFile; fileRef = D88A10382A7B5915006CC93E /* TabBarQuest.swift */; };
		D88A10462A7C20E0006CC93E /* QuestionnairePage1.swift in Sources */ = {isa = PBXBuildFile; fileRef = D88A10452A7C20E0006CC93E /* QuestionnairePage1.swift */; };
		D88A104D2A7C3CE4006CC93E /* QuestionnairePage2.swift in Sources */ = {isa = PBXBuildFile; fileRef = D88A104C2A7C3CE4006CC93E /* QuestionnairePage2.swift */; };
		D88A104F2A7C3F33006CC93E /* QuestionnairePage3.swift in Sources */ = {isa = PBXBuildFile; fileRef = D88A104E2A7C3F33006CC93E /* QuestionnairePage3.swift */; };
		D88A10512A7C4C78006CC93E /* QuestionnairePage4.swift in Sources */ = {isa = PBXBuildFile; fileRef = D88A10502A7C4C78006CC93E /* QuestionnairePage4.swift */; };
		D88A10552A7C4FB2006CC93E /* CustomButton.swift in Sources */ = {isa = PBXBuildFile; fileRef = D88A10542A7C4FB2006CC93E /* CustomButton.swift */; };
		D88A10572A7C56B5006CC93E /* QuestionnairePage5.swift in Sources */ = {isa = PBXBuildFile; fileRef = D88A10562A7C56B5006CC93E /* QuestionnairePage5.swift */; };
		D88A105B2A7D4061006CC93E /* QuestionnairePage6.swift in Sources */ = {isa = PBXBuildFile; fileRef = D88A105A2A7D4061006CC93E /* QuestionnairePage6.swift */; };
		D88A105D2A7D4102006CC93E /* QuestionnairePage7.swift in Sources */ = {isa = PBXBuildFile; fileRef = D88A105C2A7D4102006CC93E /* QuestionnairePage7.swift */; };
		D88A105F2A7D6F24006CC93E /* QuestionnaireModel.swift in Sources */ = {isa = PBXBuildFile; fileRef = D88A105E2A7D6F24006CC93E /* QuestionnaireModel.swift */; };
		D88A10652A7D9DD7006CC93E /* CustomButtonStyle.swift in Sources */ = {isa = PBXBuildFile; fileRef = D88A10642A7D9DD7006CC93E /* CustomButtonStyle.swift */; };
		D88A106A2A7DA75D006CC93E /* ButtonModel.swift in Sources */ = {isa = PBXBuildFile; fileRef = D88A10692A7DA75D006CC93E /* ButtonModel.swift */; };
		D88A10702A7F431C006CC93E /* CustomButtonDescription.swift in Sources */ = {isa = PBXBuildFile; fileRef = D88A106F2A7F431C006CC93E /* CustomButtonDescription.swift */; };
		D88A107A2A8054CE006CC93E /* ProgressBar.swift in Sources */ = {isa = PBXBuildFile; fileRef = D88A10792A8054CE006CC93E /* ProgressBar.swift */; };
		D88A107C2A8054F3006CC93E /* WheelPicker.swift in Sources */ = {isa = PBXBuildFile; fileRef = D88A107B2A8054F3006CC93E /* WheelPicker.swift */; };
		D88A107E2A80550C006CC93E /* QuestionCard.swift in Sources */ = {isa = PBXBuildFile; fileRef = D88A107D2A80550C006CC93E /* QuestionCard.swift */; };
		D88F2A272A8A81A40017561D /* OnboardingPage1.swift in Sources */ = {isa = PBXBuildFile; fileRef = D88F2A262A8A81A40017561D /* OnboardingPage1.swift */; };
		D88F2A292A8A848F0017561D /* OnboardingPage2.swift in Sources */ = {isa = PBXBuildFile; fileRef = D88F2A282A8A848F0017561D /* OnboardingPage2.swift */; };
		D88F2A2B2A8A88EB0017561D /* OnboardingPage3.swift in Sources */ = {isa = PBXBuildFile; fileRef = D88F2A2A2A8A88EB0017561D /* OnboardingPage3.swift */; };
		D88F2A2D2A8A897F0017561D /* OnboardingPage4.swift in Sources */ = {isa = PBXBuildFile; fileRef = D88F2A2C2A8A897F0017561D /* OnboardingPage4.swift */; };
		D8E60F582A8AA0CB00F9CB18 /* ButtonPrimary.swift in Sources */ = {isa = PBXBuildFile; fileRef = D8E60F572A8AA0CB00F9CB18 /* ButtonPrimary.swift */; };
		D8E60F5A2A8AA13800F9CB18 /* PrimaryButton.swift in Sources */ = {isa = PBXBuildFile; fileRef = D8E60F592A8AA13800F9CB18 /* PrimaryButton.swift */; };
		D8E60F5C2A8AA6CB00F9CB18 /* TextDescriptions.swift in Sources */ = {isa = PBXBuildFile; fileRef = D8E60F5B2A8AA6CB00F9CB18 /* TextDescriptions.swift */; };
/* End PBXBuildFile section */

/* Begin PBXFileReference section */
		7C30D13D2A79764B009F93D7 /* CreateProductView.swift */ = {isa = PBXFileReference; lastKnownFileType = sourcecode.swift; path = CreateProductView.swift; sourceTree = "<group>"; };
		7C30D1432A79959B009F93D7 /* CircleDayButton.swift */ = {isa = PBXFileReference; lastKnownFileType = sourcecode.swift; path = CircleDayButton.swift; sourceTree = "<group>"; };
		7C30D1452A799A20009F93D7 /* RectangleCategoryButton.swift */ = {isa = PBXFileReference; lastKnownFileType = sourcecode.swift; path = RectangleCategoryButton.swift; sourceTree = "<group>"; };
		7C30D1472A79E794009F93D7 /* Searchbar.swift */ = {isa = PBXFileReference; lastKnownFileType = sourcecode.swift; path = Searchbar.swift; sourceTree = "<group>"; };
		7C30D1492A7AA5D9009F93D7 /* ProductButton.swift */ = {isa = PBXFileReference; lastKnownFileType = sourcecode.swift; path = ProductButton.swift; sourceTree = "<group>"; };
		7C30D14B2A7AA627009F93D7 /* AllProductsListView.swift */ = {isa = PBXFileReference; lastKnownFileType = sourcecode.swift; path = AllProductsListView.swift; sourceTree = "<group>"; };
		7C30D14D2A7ABC7A009F93D7 /* CreateProductTextField.swift */ = {isa = PBXFileReference; lastKnownFileType = sourcecode.swift; path = CreateProductTextField.swift; sourceTree = "<group>"; };
		7C30D1502A7ACBEB009F93D7 /* UIApplicationExtension.swift */ = {isa = PBXFileReference; lastKnownFileType = sourcecode.swift; path = UIApplicationExtension.swift; sourceTree = "<group>"; };
		7C30D1522A7ACECC009F93D7 /* CategoryButton.swift */ = {isa = PBXFileReference; lastKnownFileType = sourcecode.swift; path = CategoryButton.swift; sourceTree = "<group>"; };
		7C30D1542A7AD8F3009F93D7 /* ViewExtension.swift */ = {isa = PBXFileReference; lastKnownFileType = sourcecode.swift; path = ViewExtension.swift; sourceTree = "<group>"; };
		7C30D1572A7AEE79009F93D7 /* TipSheetView.swift */ = {isa = PBXFileReference; lastKnownFileType = sourcecode.swift; path = TipSheetView.swift; sourceTree = "<group>"; };
		7C30D1592A7C168B009F93D7 /* AddProductView.swift */ = {isa = PBXFileReference; lastKnownFileType = sourcecode.swift; path = AddProductView.swift; sourceTree = "<group>"; };
		7C30D15B2A7C1B21009F93D7 /* ButtonProductList.swift */ = {isa = PBXFileReference; lastKnownFileType = sourcecode.swift; path = ButtonProductList.swift; sourceTree = "<group>"; };
		7C5FA0F92A7C42AE000D43BD /* RoutineButton.swift */ = {isa = PBXFileReference; lastKnownFileType = sourcecode.swift; path = RoutineButton.swift; sourceTree = "<group>"; };
		7C62FE4F2A82C07800C586A3 /* HorizontalScrollProductsView.swift */ = {isa = PBXFileReference; lastKnownFileType = sourcecode.swift; path = HorizontalScrollProductsView.swift; sourceTree = "<group>"; };
		7C62FE512A82C08800C586A3 /* VerticalScrollProductsView.swift */ = {isa = PBXFileReference; lastKnownFileType = sourcecode.swift; path = VerticalScrollProductsView.swift; sourceTree = "<group>"; };
		7C62FE532A843C2600C586A3 /* AboutProductView.swift */ = {isa = PBXFileReference; lastKnownFileType = sourcecode.swift; path = AboutProductView.swift; sourceTree = "<group>"; };
		7C62FE552A84560900C586A3 /* HowUseProductView.swift */ = {isa = PBXFileReference; lastKnownFileType = sourcecode.swift; path = HowUseProductView.swift; sourceTree = "<group>"; };
		7C62FE5A2A85B51600C586A3 /* ProductNotFoundView.swift */ = {isa = PBXFileReference; lastKnownFileType = sourcecode.swift; path = ProductNotFoundView.swift; sourceTree = "<group>"; };
		7CA88C9F2A7063EF00E58ABA /* CameraView.swift */ = {isa = PBXFileReference; lastKnownFileType = sourcecode.swift; path = CameraView.swift; sourceTree = "<group>"; };
		7CA88CA12A717B4600E58ABA /* DataScannerView.swift */ = {isa = PBXFileReference; lastKnownFileType = sourcecode.swift; path = DataScannerView.swift; sourceTree = "<group>"; };
		7CA88CA32A718C4F00E58ABA /* ProductView.swift */ = {isa = PBXFileReference; lastKnownFileType = sourcecode.swift; path = ProductView.swift; sourceTree = "<group>"; };
		7CA88CA72A72DFDF00E58ABA /* ImageViewModel.swift */ = {isa = PBXFileReference; lastKnownFileType = sourcecode.swift; path = ImageViewModel.swift; sourceTree = "<group>"; };
		7CB66FC32A66F2D7006DFFB2 /* SkinCareProject.app */ = {isa = PBXFileReference; explicitFileType = wrapper.application; includeInIndex = 0; path = SkinCareProject.app; sourceTree = BUILT_PRODUCTS_DIR; };
		7CB66FC62A66F2D7006DFFB2 /* SkinCareProjectApp.swift */ = {isa = PBXFileReference; lastKnownFileType = sourcecode.swift; path = SkinCareProjectApp.swift; sourceTree = "<group>"; };
		7CB66FC82A66F2D7006DFFB2 /* ContentView.swift */ = {isa = PBXFileReference; lastKnownFileType = sourcecode.swift; path = ContentView.swift; sourceTree = "<group>"; };
		7CB66FCA2A66F2D7006DFFB2 /* Assets.xcassets */ = {isa = PBXFileReference; lastKnownFileType = folder.assetcatalog; path = Assets.xcassets; sourceTree = "<group>"; };
		7CB66FCD2A66F2D7006DFFB2 /* Preview Assets.xcassets */ = {isa = PBXFileReference; lastKnownFileType = folder.assetcatalog; path = "Preview Assets.xcassets"; sourceTree = "<group>"; };
		7CB66FDB2A670122006DFFB2 /* Enums.swift */ = {isa = PBXFileReference; lastKnownFileType = sourcecode.swift; path = Enums.swift; sourceTree = "<group>"; };
		7CB66FDD2A670132006DFFB2 /* CameraViewModel.swift */ = {isa = PBXFileReference; lastKnownFileType = sourcecode.swift; path = CameraViewModel.swift; sourceTree = "<group>"; };
		7CB66FDF2A67013F006DFFB2 /* TipsService.swift */ = {isa = PBXFileReference; lastKnownFileType = sourcecode.swift; path = TipsService.swift; sourceTree = "<group>"; };
		7CB66FE32A6723CE006DFFB2 /* Classes.swift */ = {isa = PBXFileReference; lastKnownFileType = sourcecode.swift; path = Classes.swift; sourceTree = "<group>"; };
		7CB66FE52A67289A006DFFB2 /* Constants.swift */ = {isa = PBXFileReference; lastKnownFileType = sourcecode.swift; path = Constants.swift; sourceTree = "<group>"; };
		7CDF2E6C2A6B17C00028CA84 /* HomeView.swift */ = {isa = PBXFileReference; lastKnownFileType = sourcecode.swift; path = HomeView.swift; sourceTree = "<group>"; };
		7CDF2E6E2A6B17CE0028CA84 /* ProductListView.swift */ = {isa = PBXFileReference; lastKnownFileType = sourcecode.swift; path = ProductListView.swift; sourceTree = "<group>"; };
		7CDF2E702A6B17DC0028CA84 /* DiaryView.swift */ = {isa = PBXFileReference; lastKnownFileType = sourcecode.swift; path = DiaryView.swift; sourceTree = "<group>"; };
		7CDF2E722A6B17E70028CA84 /* ProfileView.swift */ = {isa = PBXFileReference; lastKnownFileType = sourcecode.swift; path = ProfileView.swift; sourceTree = "<group>"; };
		7CDF2E7F2A6EFAE20028CA84 /* TipsData.json */ = {isa = PBXFileReference; lastKnownFileType = text.json; path = TipsData.json; sourceTree = "<group>"; };
		A544A6ED2A797A1A006E1747 /* NotificationService.swift */ = {isa = PBXFileReference; lastKnownFileType = sourcecode.swift; path = NotificationService.swift; sourceTree = "<group>"; };
		A544A6EF2A797A65006E1747 /* HapticsService.swift */ = {isa = PBXFileReference; lastKnownFileType = sourcecode.swift; path = HapticsService.swift; sourceTree = "<group>"; };
		A544A6F22A797D1E006E1747 /* RoutineProgress.swift */ = {isa = PBXFileReference; lastKnownFileType = sourcecode.swift; path = RoutineProgress.swift; sourceTree = "<group>"; };
		A544A6F42A797F2C006E1747 /* RoutineProgressBar.swift */ = {isa = PBXFileReference; lastKnownFileType = sourcecode.swift; path = RoutineProgressBar.swift; sourceTree = "<group>"; };
		A544A6F62A79840B006E1747 /* RoutineAlarm.swift */ = {isa = PBXFileReference; lastKnownFileType = sourcecode.swift; path = RoutineAlarm.swift; sourceTree = "<group>"; };
		A544A6FA2A799AD5006E1747 /* RoutineView.swift */ = {isa = PBXFileReference; lastKnownFileType = sourcecode.swift; path = RoutineView.swift; sourceTree = "<group>"; };
		A544A6FE2A7AC3A3006E1747 /* ListTitle.swift */ = {isa = PBXFileReference; lastKnownFileType = sourcecode.swift; path = ListTitle.swift; sourceTree = "<group>"; };
		A544A7002A7AC4ED006E1747 /* ListDescription.swift */ = {isa = PBXFileReference; lastKnownFileType = sourcecode.swift; path = ListDescription.swift; sourceTree = "<group>"; };
		A544A7022A7AC67C006E1747 /* ListProductComponent.swift */ = {isa = PBXFileReference; lastKnownFileType = sourcecode.swift; path = ListProductComponent.swift; sourceTree = "<group>"; };
		A544A7042A7ADB15006E1747 /* ListView.swift */ = {isa = PBXFileReference; lastKnownFileType = sourcecode.swift; path = ListView.swift; sourceTree = "<group>"; };
		A55E88B92A686ECB005E5AC5 /* Splashscreen.swift */ = {isa = PBXFileReference; lastKnownFileType = sourcecode.swift; path = Splashscreen.swift; sourceTree = "<group>"; };
		A55E88BC2A7031FE005E5AC5 /* TabBarOnb.swift */ = {isa = PBXFileReference; lastKnownFileType = sourcecode.swift; path = TabBarOnb.swift; sourceTree = "<group>"; };
		A55E88CA2A70606D005E5AC5 /* SkinCareProject.entitlements */ = {isa = PBXFileReference; lastKnownFileType = text.plist.entitlements; path = SkinCareProject.entitlements; sourceTree = "<group>"; };
		A55E88D02A72E58A005E5AC5 /* CloudKitUtility.swift */ = {isa = PBXFileReference; lastKnownFileType = sourcecode.swift; path = CloudKitUtility.swift; sourceTree = "<group>"; };
		A55E88D42A7403BE005E5AC5 /* CloudKitViewModel.swift */ = {isa = PBXFileReference; lastKnownFileType = sourcecode.swift; path = CloudKitViewModel.swift; sourceTree = "<group>"; };
		A5AD05322A7D378100826963 /* TipsView.swift */ = {isa = PBXFileReference; lastKnownFileType = sourcecode.swift; path = TipsView.swift; sourceTree = "<group>"; };
		D82F35142A79747800E7A8B1 /* DesignColors.swift */ = {isa = PBXFileReference; lastKnownFileType = sourcecode.swift; path = DesignColors.swift; sourceTree = "<group>"; };
		D82F351E2A79922900E7A8B1 /* ButtonExtension.swift */ = {isa = PBXFileReference; lastKnownFileType = sourcecode.swift; path = ButtonExtension.swift; sourceTree = "<group>"; };
		D87F2E682A816D34000B42F8 /* GraphicPicker.swift */ = {isa = PBXFileReference; lastKnownFileType = sourcecode.swift; path = GraphicPicker.swift; sourceTree = "<group>"; };
		D87F2E6E2A826D77000B42F8 /* AddPhotoCard.swift */ = {isa = PBXFileReference; lastKnownFileType = sourcecode.swift; path = AddPhotoCard.swift; sourceTree = "<group>"; };
		D88A10382A7B5915006CC93E /* TabBarQuest.swift */ = {isa = PBXFileReference; lastKnownFileType = sourcecode.swift; path = TabBarQuest.swift; sourceTree = "<group>"; };
		D88A10452A7C20E0006CC93E /* QuestionnairePage1.swift */ = {isa = PBXFileReference; lastKnownFileType = sourcecode.swift; path = QuestionnairePage1.swift; sourceTree = "<group>"; };
		D88A104C2A7C3CE4006CC93E /* QuestionnairePage2.swift */ = {isa = PBXFileReference; lastKnownFileType = sourcecode.swift; path = QuestionnairePage2.swift; sourceTree = "<group>"; };
		D88A104E2A7C3F33006CC93E /* QuestionnairePage3.swift */ = {isa = PBXFileReference; lastKnownFileType = sourcecode.swift; path = QuestionnairePage3.swift; sourceTree = "<group>"; };
		D88A10502A7C4C78006CC93E /* QuestionnairePage4.swift */ = {isa = PBXFileReference; lastKnownFileType = sourcecode.swift; path = QuestionnairePage4.swift; sourceTree = "<group>"; };
		D88A10542A7C4FB2006CC93E /* CustomButton.swift */ = {isa = PBXFileReference; lastKnownFileType = sourcecode.swift; path = CustomButton.swift; sourceTree = "<group>"; };
		D88A10562A7C56B5006CC93E /* QuestionnairePage5.swift */ = {isa = PBXFileReference; lastKnownFileType = sourcecode.swift; path = QuestionnairePage5.swift; sourceTree = "<group>"; };
		D88A105A2A7D4061006CC93E /* QuestionnairePage6.swift */ = {isa = PBXFileReference; lastKnownFileType = sourcecode.swift; path = QuestionnairePage6.swift; sourceTree = "<group>"; };
		D88A105C2A7D4102006CC93E /* QuestionnairePage7.swift */ = {isa = PBXFileReference; lastKnownFileType = sourcecode.swift; path = QuestionnairePage7.swift; sourceTree = "<group>"; };
		D88A105E2A7D6F24006CC93E /* QuestionnaireModel.swift */ = {isa = PBXFileReference; lastKnownFileType = sourcecode.swift; path = QuestionnaireModel.swift; sourceTree = "<group>"; };
		D88A10642A7D9DD7006CC93E /* CustomButtonStyle.swift */ = {isa = PBXFileReference; lastKnownFileType = sourcecode.swift; path = CustomButtonStyle.swift; sourceTree = "<group>"; };
		D88A10692A7DA75D006CC93E /* ButtonModel.swift */ = {isa = PBXFileReference; lastKnownFileType = sourcecode.swift; path = ButtonModel.swift; sourceTree = "<group>"; };
		D88A106F2A7F431C006CC93E /* CustomButtonDescription.swift */ = {isa = PBXFileReference; lastKnownFileType = sourcecode.swift; path = CustomButtonDescription.swift; sourceTree = "<group>"; };
		D88A10792A8054CE006CC93E /* ProgressBar.swift */ = {isa = PBXFileReference; lastKnownFileType = sourcecode.swift; path = ProgressBar.swift; sourceTree = "<group>"; };
		D88A107B2A8054F3006CC93E /* WheelPicker.swift */ = {isa = PBXFileReference; lastKnownFileType = sourcecode.swift; path = WheelPicker.swift; sourceTree = "<group>"; };
		D88A107D2A80550C006CC93E /* QuestionCard.swift */ = {isa = PBXFileReference; lastKnownFileType = sourcecode.swift; path = QuestionCard.swift; sourceTree = "<group>"; };
		D88F2A262A8A81A40017561D /* OnboardingPage1.swift */ = {isa = PBXFileReference; lastKnownFileType = sourcecode.swift; path = OnboardingPage1.swift; sourceTree = "<group>"; };
		D88F2A282A8A848F0017561D /* OnboardingPage2.swift */ = {isa = PBXFileReference; lastKnownFileType = sourcecode.swift; path = OnboardingPage2.swift; sourceTree = "<group>"; };
		D88F2A2A2A8A88EB0017561D /* OnboardingPage3.swift */ = {isa = PBXFileReference; lastKnownFileType = sourcecode.swift; path = OnboardingPage3.swift; sourceTree = "<group>"; };
		D88F2A2C2A8A897F0017561D /* OnboardingPage4.swift */ = {isa = PBXFileReference; lastKnownFileType = sourcecode.swift; path = OnboardingPage4.swift; sourceTree = "<group>"; };
		D8E60F572A8AA0CB00F9CB18 /* ButtonPrimary.swift */ = {isa = PBXFileReference; lastKnownFileType = sourcecode.swift; path = ButtonPrimary.swift; sourceTree = "<group>"; };
		D8E60F592A8AA13800F9CB18 /* PrimaryButton.swift */ = {isa = PBXFileReference; lastKnownFileType = sourcecode.swift; path = PrimaryButton.swift; sourceTree = "<group>"; };
		D8E60F5B2A8AA6CB00F9CB18 /* TextDescriptions.swift */ = {isa = PBXFileReference; lastKnownFileType = sourcecode.swift; path = TextDescriptions.swift; sourceTree = "<group>"; };
/* End PBXFileReference section */

/* Begin PBXFrameworksBuildPhase section */
		7CB66FC02A66F2D7006DFFB2 /* Frameworks */ = {
			isa = PBXFrameworksBuildPhase;
			buildActionMask = 2147483647;
			files = (
			);
			runOnlyForDeploymentPostprocessing = 0;
		};
/* End PBXFrameworksBuildPhase section */

/* Begin PBXGroup section */
		7C30D14F2A7AC1C4009F93D7 /* TextFieldStyles */ = {
			isa = PBXGroup;
			children = (
				7C30D14D2A7ABC7A009F93D7 /* CreateProductTextField.swift */,
			);
			path = TextFieldStyles;
			sourceTree = "<group>";
		};
		7C30D1562A7AEE5B009F93D7 /* Tips */ = {
			isa = PBXGroup;
			children = (
				7C30D1572A7AEE79009F93D7 /* TipSheetView.swift */,
				A5AD05322A7D378100826963 /* TipsView.swift */,
			);
			path = Tips;
			sourceTree = "<group>";
		};
		7C62FE4E2A82C05700C586A3 /* ProductsComponents */ = {
			isa = PBXGroup;
			children = (
				7C62FE4F2A82C07800C586A3 /* HorizontalScrollProductsView.swift */,
				7C62FE512A82C08800C586A3 /* VerticalScrollProductsView.swift */,
			);
			path = ProductsComponents;
			sourceTree = "<group>";
		};
		7CA88C9E2A7063B500E58ABA /* Camera */ = {
			isa = PBXGroup;
			children = (
				7CA88CA72A72DFDF00E58ABA /* ImageViewModel.swift */,
				7CA88C9F2A7063EF00E58ABA /* CameraView.swift */,
			);
			path = Camera;
			sourceTree = "<group>";
		};
		7CB66FBA2A66F2D6006DFFB2 = {
			isa = PBXGroup;
			children = (
				7CB66FC52A66F2D7006DFFB2 /* SkinCareProject */,
				7CB66FC42A66F2D7006DFFB2 /* Products */,
			);
			sourceTree = "<group>";
		};
		7CB66FC42A66F2D7006DFFB2 /* Products */ = {
			isa = PBXGroup;
			children = (
				7CB66FC32A66F2D7006DFFB2 /* SkinCareProject.app */,
			);
			name = Products;
			sourceTree = "<group>";
		};
		7CB66FC52A66F2D7006DFFB2 /* SkinCareProject */ = {
			isa = PBXGroup;
			children = (
				D88A10682A7DA207006CC93E /* Shared */,
				A55E88CD2A718729005E5AC5 /* CloudKit */,
				7CB66FD72A66F37F006DFFB2 /* Code */,
				7CB66FD62A66F368006DFFB2 /* Service */,
				7CB66FD42A66F348006DFFB2 /* Model */,
				7CB66FCA2A66F2D7006DFFB2 /* Assets.xcassets */,
				7CB66FCC2A66F2D7006DFFB2 /* Preview Content */,
			);
			path = SkinCareProject;
			sourceTree = "<group>";
		};
		7CB66FCC2A66F2D7006DFFB2 /* Preview Content */ = {
			isa = PBXGroup;
			children = (
				7CB66FCD2A66F2D7006DFFB2 /* Preview Assets.xcassets */,
			);
			path = "Preview Content";
			sourceTree = "<group>";
		};
		7CB66FD42A66F348006DFFB2 /* Model */ = {
			isa = PBXGroup;
			children = (
				7CDF2E7F2A6EFAE20028CA84 /* TipsData.json */,
			);
			path = Model;
			sourceTree = "<group>";
		};
		7CB66FD62A66F368006DFFB2 /* Service */ = {
			isa = PBXGroup;
			children = (
				7CB66FDF2A67013F006DFFB2 /* TipsService.swift */,
				A544A6ED2A797A1A006E1747 /* NotificationService.swift */,
				A544A6EF2A797A65006E1747 /* HapticsService.swift */,
			);
			path = Service;
			sourceTree = "<group>";
		};
		7CB66FD72A66F37F006DFFB2 /* Code */ = {
			isa = PBXGroup;
			children = (
				7CB66FE52A67289A006DFFB2 /* Constants.swift */,
				7CB66FD82A66F3BD006DFFB2 /* Application */,
				7CB66FDA2A66F4C7006DFFB2 /* Structs */,
				A55E88B92A686ECB005E5AC5 /* Splashscreen.swift */,
				7C30D1562A7AEE5B009F93D7 /* Tips */,
				7CA88C9E2A7063B500E58ABA /* Camera */,
				D88A104B2A7C29D6006CC93E /* Questionnaire */,
				A55E88BB2A7031EE005E5AC5 /* Onboarding */,
				A586F5C12A74587B002AA9B9 /* TabBar */,
			);
			path = Code;
			sourceTree = "<group>";
		};
		7CB66FD82A66F3BD006DFFB2 /* Application */ = {
			isa = PBXGroup;
			children = (
				7CB66FC62A66F2D7006DFFB2 /* SkinCareProjectApp.swift */,
			);
			path = Application;
			sourceTree = "<group>";
		};
		7CB66FDA2A66F4C7006DFFB2 /* Structs */ = {
			isa = PBXGroup;
			children = (
				7CB66FDB2A670122006DFFB2 /* Enums.swift */,
				7CB66FE32A6723CE006DFFB2 /* Classes.swift */,
			);
			path = Structs;
			sourceTree = "<group>";
		};
		A544A6F12A797CEC006E1747 /* RoutineComponents */ = {
			isa = PBXGroup;
			children = (
				A544A6F22A797D1E006E1747 /* RoutineProgress.swift */,
				A544A6F42A797F2C006E1747 /* RoutineProgressBar.swift */,
				A544A6F62A79840B006E1747 /* RoutineAlarm.swift */,
				A544A6FE2A7AC3A3006E1747 /* ListTitle.swift */,
				A544A7002A7AC4ED006E1747 /* ListDescription.swift */,
				A544A7022A7AC67C006E1747 /* ListProductComponent.swift */,
				A544A7042A7ADB15006E1747 /* ListView.swift */,
			);
			path = RoutineComponents;
			sourceTree = "<group>";
		};
		A55E88BB2A7031EE005E5AC5 /* Onboarding */ = {
			isa = PBXGroup;
			children = (
				A55E88BC2A7031FE005E5AC5 /* TabBarOnb.swift */,
				D88F2A262A8A81A40017561D /* OnboardingPage1.swift */,
				D88F2A282A8A848F0017561D /* OnboardingPage2.swift */,
				D88F2A2A2A8A88EB0017561D /* OnboardingPage3.swift */,
				D88F2A2C2A8A897F0017561D /* OnboardingPage4.swift */,
			);
			path = Onboarding;
			sourceTree = "<group>";
		};
		A55E88CD2A718729005E5AC5 /* CloudKit */ = {
			isa = PBXGroup;
			children = (
				A55E88CA2A70606D005E5AC5 /* SkinCareProject.entitlements */,
				A55E88D02A72E58A005E5AC5 /* CloudKitUtility.swift */,
				A55E88D42A7403BE005E5AC5 /* CloudKitViewModel.swift */,
			);
			path = CloudKit;
			sourceTree = "<group>";
		};
		A586F5C12A74587B002AA9B9 /* TabBar */ = {
			isa = PBXGroup;
			children = (
				7CB66FC82A66F2D7006DFFB2 /* ContentView.swift */,
				A586F5C22A7458B3002AA9B9 /* Rotina */,
				A586F5C42A7458C7002AA9B9 /* Produtos */,
				A586F5C52A7458D2002AA9B9 /* Diario */,
				A586F5C32A7458BE002AA9B9 /* Perfil */,
			);
			path = TabBar;
			sourceTree = "<group>";
		};
		A586F5C22A7458B3002AA9B9 /* Rotina */ = {
			isa = PBXGroup;
			children = (
				A544A6F12A797CEC006E1747 /* RoutineComponents */,
				7CDF2E6C2A6B17C00028CA84 /* HomeView.swift */,
				A544A6FA2A799AD5006E1747 /* RoutineView.swift */,
				7C30D1592A7C168B009F93D7 /* AddProductView.swift */,
				7C30D13D2A79764B009F93D7 /* CreateProductView.swift */,
			);
			path = Rotina;
			sourceTree = "<group>";
		};
		A586F5C32A7458BE002AA9B9 /* Perfil */ = {
			isa = PBXGroup;
			children = (
				7CDF2E722A6B17E70028CA84 /* ProfileView.swift */,
			);
			path = Perfil;
			sourceTree = "<group>";
		};
		A586F5C42A7458C7002AA9B9 /* Produtos */ = {
			isa = PBXGroup;
			children = (
				7CDF2E6E2A6B17CE0028CA84 /* ProductListView.swift */,
				7C30D14B2A7AA627009F93D7 /* AllProductsListView.swift */,
				7CA88CA32A718C4F00E58ABA /* ProductView.swift */,
				7C62FE532A843C2600C586A3 /* AboutProductView.swift */,
				7C62FE552A84560900C586A3 /* HowUseProductView.swift */,
				7C62FE5A2A85B51600C586A3 /* ProductNotFoundView.swift */,
				7CB66FDD2A670132006DFFB2 /* CameraViewModel.swift */,
				7CA88CA12A717B4600E58ABA /* DataScannerView.swift */,
			);
			path = Produtos;
			sourceTree = "<group>";
		};
		A586F5C52A7458D2002AA9B9 /* Diario */ = {
			isa = PBXGroup;
			children = (
				7CDF2E702A6B17DC0028CA84 /* DiaryView.swift */,
				D87F2E682A816D34000B42F8 /* GraphicPicker.swift */,
				D87F2E6E2A826D77000B42F8 /* AddPhotoCard.swift */,
			);
			path = Diario;
			sourceTree = "<group>";
		};
		D82F35132A79740000E7A8B1 /* DesignSystem */ = {
			isa = PBXGroup;
			children = (
				D82F35142A79747800E7A8B1 /* DesignColors.swift */,
				D82F351A2A797E3200E7A8B1 /* CustomStyles */,
				7C30D14F2A7AC1C4009F93D7 /* TextFieldStyles */,
			);
			path = DesignSystem;
			sourceTree = "<group>";
		};
		D82F351A2A797E3200E7A8B1 /* CustomStyles */ = {
			isa = PBXGroup;
			children = (
				D88A10642A7D9DD7006CC93E /* CustomButtonStyle.swift */,
				7C30D1432A79959B009F93D7 /* CircleDayButton.swift */,
				7C30D1452A799A20009F93D7 /* RectangleCategoryButton.swift */,
				7C30D1492A7AA5D9009F93D7 /* ProductButton.swift */,
				7C30D1522A7ACECC009F93D7 /* CategoryButton.swift */,
				7C30D15B2A7C1B21009F93D7 /* ButtonProductList.swift */,
				7C5FA0F92A7C42AE000D43BD /* RoutineButton.swift */,
				D8E60F572A8AA0CB00F9CB18 /* ButtonPrimary.swift */,
			);
			path = CustomStyles;
			sourceTree = "<group>";
		};
		D82F351D2A79921800E7A8B1 /* Extensions */ = {
			isa = PBXGroup;
			children = (
				D82F351E2A79922900E7A8B1 /* ButtonExtension.swift */,
				7C30D1502A7ACBEB009F93D7 /* UIApplicationExtension.swift */,
				7C30D1542A7AD8F3009F93D7 /* ViewExtension.swift */,
			);
			path = Extensions;
			sourceTree = "<group>";
		};
		D88A104B2A7C29D6006CC93E /* Questionnaire */ = {
			isa = PBXGroup;
			children = (
				D88A107F2A806978006CC93E /* Components */,
				D88A10802A806992006CC93E /* Views */,
				D88A105E2A7D6F24006CC93E /* QuestionnaireModel.swift */,
				D88A10382A7B5915006CC93E /* TabBarQuest.swift */,
			);
			path = Questionnaire;
			sourceTree = "<group>";
		};
		D88A10682A7DA207006CC93E /* Shared */ = {
			isa = PBXGroup;
			children = (
				D88A106C2A7DAA7C006CC93E /* Components */,
				D82F35132A79740000E7A8B1 /* DesignSystem */,
				D82F351D2A79921800E7A8B1 /* Extensions */,
			);
			path = Shared;
			sourceTree = "<group>";
		};
		D88A106C2A7DAA7C006CC93E /* Components */ = {
			isa = PBXGroup;
			children = (
				D88A10692A7DA75D006CC93E /* ButtonModel.swift */,
				D88A10542A7C4FB2006CC93E /* CustomButton.swift */,
				7C62FE4E2A82C05700C586A3 /* ProductsComponents */,
				D88A106F2A7F431C006CC93E /* CustomButtonDescription.swift */,
				7C30D1472A79E794009F93D7 /* Searchbar.swift */,
				D8E60F5B2A8AA6CB00F9CB18 /* TextDescriptions.swift */,
			);
			path = Components;
			sourceTree = "<group>";
		};
		D88A107F2A806978006CC93E /* Components */ = {
			isa = PBXGroup;
			children = (
				D8E60F592A8AA13800F9CB18 /* PrimaryButton.swift */,
				D88A10792A8054CE006CC93E /* ProgressBar.swift */,
				D88A107D2A80550C006CC93E /* QuestionCard.swift */,
				D88A107B2A8054F3006CC93E /* WheelPicker.swift */,
			);
			path = Components;
			sourceTree = "<group>";
		};
		D88A10802A806992006CC93E /* Views */ = {
			isa = PBXGroup;
			children = (
				D88A10452A7C20E0006CC93E /* QuestionnairePage1.swift */,
				D88A104C2A7C3CE4006CC93E /* QuestionnairePage2.swift */,
				D88A104E2A7C3F33006CC93E /* QuestionnairePage3.swift */,
				D88A10502A7C4C78006CC93E /* QuestionnairePage4.swift */,
				D88A10562A7C56B5006CC93E /* QuestionnairePage5.swift */,
				D88A105A2A7D4061006CC93E /* QuestionnairePage6.swift */,
				D88A105C2A7D4102006CC93E /* QuestionnairePage7.swift */,
			);
			path = Views;
			sourceTree = "<group>";
		};
/* End PBXGroup section */

/* Begin PBXNativeTarget section */
		7CB66FC22A66F2D7006DFFB2 /* SkinCareProject */ = {
			isa = PBXNativeTarget;
			buildConfigurationList = 7CB66FD12A66F2D7006DFFB2 /* Build configuration list for PBXNativeTarget "SkinCareProject" */;
			buildPhases = (
				7CB66FBF2A66F2D7006DFFB2 /* Sources */,
				7CB66FC02A66F2D7006DFFB2 /* Frameworks */,
				7CB66FC12A66F2D7006DFFB2 /* Resources */,
			);
			buildRules = (
			);
			dependencies = (
			);
			name = SkinCareProject;
			productName = SkinCareProject;
			productReference = 7CB66FC32A66F2D7006DFFB2 /* SkinCareProject.app */;
			productType = "com.apple.product-type.application";
		};
/* End PBXNativeTarget section */

/* Begin PBXProject section */
		7CB66FBB2A66F2D6006DFFB2 /* Project object */ = {
			isa = PBXProject;
			attributes = {
				BuildIndependentTargetsInParallel = 1;
				LastSwiftUpdateCheck = 1430;
				LastUpgradeCheck = 1430;
				TargetAttributes = {
					7CB66FC22A66F2D7006DFFB2 = {
						CreatedOnToolsVersion = 14.3.1;
					};
				};
			};
			buildConfigurationList = 7CB66FBE2A66F2D6006DFFB2 /* Build configuration list for PBXProject "SkinCareProject" */;
			compatibilityVersion = "Xcode 14.0";
			developmentRegion = en;
			hasScannedForEncodings = 0;
			knownRegions = (
				en,
				Base,
			);
			mainGroup = 7CB66FBA2A66F2D6006DFFB2;
			productRefGroup = 7CB66FC42A66F2D7006DFFB2 /* Products */;
			projectDirPath = "";
			projectRoot = "";
			targets = (
				7CB66FC22A66F2D7006DFFB2 /* SkinCareProject */,
			);
		};
/* End PBXProject section */

/* Begin PBXResourcesBuildPhase section */
		7CB66FC12A66F2D7006DFFB2 /* Resources */ = {
			isa = PBXResourcesBuildPhase;
			buildActionMask = 2147483647;
			files = (
				7CB66FCE2A66F2D7006DFFB2 /* Preview Assets.xcassets in Resources */,
				7CB66FCB2A66F2D7006DFFB2 /* Assets.xcassets in Resources */,
				7CDF2E822A6F142E0028CA84 /* TipsData.json in Resources */,
			);
			runOnlyForDeploymentPostprocessing = 0;
		};
/* End PBXResourcesBuildPhase section */

/* Begin PBXSourcesBuildPhase section */
		7CB66FBF2A66F2D7006DFFB2 /* Sources */ = {
			isa = PBXSourcesBuildPhase;
			buildActionMask = 2147483647;
			files = (
				D88F2A2D2A8A897F0017561D /* OnboardingPage4.swift in Sources */,
				7C30D1462A799A20009F93D7 /* RectangleCategoryButton.swift in Sources */,
				7CDF2E6F2A6B17CE0028CA84 /* ProductListView.swift in Sources */,
				7C30D1582A7AEE79009F93D7 /* TipSheetView.swift in Sources */,
				D88A105B2A7D4061006CC93E /* QuestionnairePage6.swift in Sources */,
				D88A10652A7D9DD7006CC93E /* CustomButtonStyle.swift in Sources */,
				7CDF2E732A6B17E70028CA84 /* ProfileView.swift in Sources */,
				7C30D14A2A7AA5D9009F93D7 /* ProductButton.swift in Sources */,
				D88A10702A7F431C006CC93E /* CustomButtonDescription.swift in Sources */,
				7CB66FC92A66F2D7006DFFB2 /* ContentView.swift in Sources */,
				7CB66FE42A6723CE006DFFB2 /* Classes.swift in Sources */,
				A544A6F02A797A65006E1747 /* HapticsService.swift in Sources */,
				D8E60F5A2A8AA13800F9CB18 /* PrimaryButton.swift in Sources */,
				7C30D1512A7ACBEB009F93D7 /* UIApplicationExtension.swift in Sources */,
				D88A10462A7C20E0006CC93E /* QuestionnairePage1.swift in Sources */,
				D88A107A2A8054CE006CC93E /* ProgressBar.swift in Sources */,
				7CB66FC72A66F2D7006DFFB2 /* SkinCareProjectApp.swift in Sources */,
				A544A7052A7ADB15006E1747 /* ListView.swift in Sources */,
				A55E88D52A7403BE005E5AC5 /* CloudKitViewModel.swift in Sources */,
				7C62FE542A843C2700C586A3 /* AboutProductView.swift in Sources */,
				A544A6F32A797D1E006E1747 /* RoutineProgress.swift in Sources */,
				D8E60F5C2A8AA6CB00F9CB18 /* TextDescriptions.swift in Sources */,
				A544A6FB2A799AD5006E1747 /* RoutineView.swift in Sources */,
				7C30D15A2A7C168B009F93D7 /* AddProductView.swift in Sources */,
				A5AD05332A7D378100826963 /* TipsView.swift in Sources */,
				7C62FE502A82C07800C586A3 /* HorizontalScrollProductsView.swift in Sources */,
				A544A6F52A797F2C006E1747 /* RoutineProgressBar.swift in Sources */,
				7C30D1532A7ACECC009F93D7 /* CategoryButton.swift in Sources */,
				D87F2E6F2A826D77000B42F8 /* AddPhotoCard.swift in Sources */,
				D82F35152A79747800E7A8B1 /* DesignColors.swift in Sources */,
				7CDF2E6D2A6B17C00028CA84 /* HomeView.swift in Sources */,
				7C62FE522A82C08800C586A3 /* VerticalScrollProductsView.swift in Sources */,
				7C30D13E2A79764B009F93D7 /* CreateProductView.swift in Sources */,
				7C30D1442A79959B009F93D7 /* CircleDayButton.swift in Sources */,
				7CB66FDC2A670122006DFFB2 /* Enums.swift in Sources */,
				7C30D15C2A7C1B21009F93D7 /* ButtonProductList.swift in Sources */,
				7C30D14C2A7AA627009F93D7 /* AllProductsListView.swift in Sources */,
				D88A10572A7C56B5006CC93E /* QuestionnairePage5.swift in Sources */,
				7CDF2E712A6B17DC0028CA84 /* DiaryView.swift in Sources */,
				D88A105F2A7D6F24006CC93E /* QuestionnaireModel.swift in Sources */,
				D88F2A292A8A848F0017561D /* OnboardingPage2.swift in Sources */,
				7CB66FE02A67013F006DFFB2 /* TipsService.swift in Sources */,
				7CA88CA02A7063EF00E58ABA /* CameraView.swift in Sources */,
				7C30D14E2A7ABC7A009F93D7 /* CreateProductTextField.swift in Sources */,
				7C5FA0FA2A7C42AE000D43BD /* RoutineButton.swift in Sources */,
				D88A106A2A7DA75D006CC93E /* ButtonModel.swift in Sources */,
				7C30D1552A7AD8F3009F93D7 /* ViewExtension.swift in Sources */,
				7CA88CA22A717B4600E58ABA /* DataScannerView.swift in Sources */,
				D82F351F2A79922900E7A8B1 /* ButtonExtension.swift in Sources */,
				D88F2A2B2A8A88EB0017561D /* OnboardingPage3.swift in Sources */,
				7CB66FDE2A670132006DFFB2 /* CameraViewModel.swift in Sources */,
				A544A6EE2A797A1A006E1747 /* NotificationService.swift in Sources */,
				D87F2E692A816D34000B42F8 /* GraphicPicker.swift in Sources */,
				A55E88BA2A686ECB005E5AC5 /* Splashscreen.swift in Sources */,
				A544A7012A7AC4ED006E1747 /* ListDescription.swift in Sources */,
				7C62FE5B2A85B51600C586A3 /* ProductNotFoundView.swift in Sources */,
				A544A7032A7AC67C006E1747 /* ListProductComponent.swift in Sources */,
				D88A104F2A7C3F33006CC93E /* QuestionnairePage3.swift in Sources */,
				7CA88CA42A718C4F00E58ABA /* ProductView.swift in Sources */,
				A544A6FF2A7AC3A3006E1747 /* ListTitle.swift in Sources */,
				7CA88CA82A72DFDF00E58ABA /* ImageViewModel.swift in Sources */,
				D88A10512A7C4C78006CC93E /* QuestionnairePage4.swift in Sources */,
				D88A10392A7B5915006CC93E /* TabBarQuest.swift in Sources */,
				D8E60F582A8AA0CB00F9CB18 /* ButtonPrimary.swift in Sources */,
				D88A10552A7C4FB2006CC93E /* CustomButton.swift in Sources */,
				7CB66FE62A67289A006DFFB2 /* Constants.swift in Sources */,
				D88A107E2A80550C006CC93E /* QuestionCard.swift in Sources */,
				A544A6F72A79840B006E1747 /* RoutineAlarm.swift in Sources */,
				D88A105D2A7D4102006CC93E /* QuestionnairePage7.swift in Sources */,
				7C62FE562A84560900C586A3 /* HowUseProductView.swift in Sources */,
				A55E88D12A72E58A005E5AC5 /* CloudKitUtility.swift in Sources */,
				A55E88BD2A7031FE005E5AC5 /* TabBarOnb.swift in Sources */,
				7C30D1482A79E794009F93D7 /* Searchbar.swift in Sources */,
				D88A104D2A7C3CE4006CC93E /* QuestionnairePage2.swift in Sources */,
				D88F2A272A8A81A40017561D /* OnboardingPage1.swift in Sources */,
				D88A107C2A8054F3006CC93E /* WheelPicker.swift in Sources */,
			);
			runOnlyForDeploymentPostprocessing = 0;
		};
/* End PBXSourcesBuildPhase section */

/* Begin XCBuildConfiguration section */
		7CB66FCF2A66F2D7006DFFB2 /* Debug */ = {
			isa = XCBuildConfiguration;
			buildSettings = {
				ALWAYS_SEARCH_USER_PATHS = NO;
				CLANG_ANALYZER_NONNULL = YES;
				CLANG_ANALYZER_NUMBER_OBJECT_CONVERSION = YES_AGGRESSIVE;
				CLANG_CXX_LANGUAGE_STANDARD = "gnu++20";
				CLANG_ENABLE_MODULES = YES;
				CLANG_ENABLE_OBJC_ARC = YES;
				CLANG_ENABLE_OBJC_WEAK = YES;
				CLANG_WARN_BLOCK_CAPTURE_AUTORELEASING = YES;
				CLANG_WARN_BOOL_CONVERSION = YES;
				CLANG_WARN_COMMA = YES;
				CLANG_WARN_CONSTANT_CONVERSION = YES;
				CLANG_WARN_DEPRECATED_OBJC_IMPLEMENTATIONS = YES;
				CLANG_WARN_DIRECT_OBJC_ISA_USAGE = YES_ERROR;
				CLANG_WARN_DOCUMENTATION_COMMENTS = YES;
				CLANG_WARN_EMPTY_BODY = YES;
				CLANG_WARN_ENUM_CONVERSION = YES;
				CLANG_WARN_INFINITE_RECURSION = YES;
				CLANG_WARN_INT_CONVERSION = YES;
				CLANG_WARN_NON_LITERAL_NULL_CONVERSION = YES;
				CLANG_WARN_OBJC_IMPLICIT_RETAIN_SELF = YES;
				CLANG_WARN_OBJC_LITERAL_CONVERSION = YES;
				CLANG_WARN_OBJC_ROOT_CLASS = YES_ERROR;
				CLANG_WARN_QUOTED_INCLUDE_IN_FRAMEWORK_HEADER = YES;
				CLANG_WARN_RANGE_LOOP_ANALYSIS = YES;
				CLANG_WARN_STRICT_PROTOTYPES = YES;
				CLANG_WARN_SUSPICIOUS_MOVE = YES;
				CLANG_WARN_UNGUARDED_AVAILABILITY = YES_AGGRESSIVE;
				CLANG_WARN_UNREACHABLE_CODE = YES;
				CLANG_WARN__DUPLICATE_METHOD_MATCH = YES;
				COPY_PHASE_STRIP = NO;
				DEBUG_INFORMATION_FORMAT = dwarf;
				ENABLE_STRICT_OBJC_MSGSEND = YES;
				ENABLE_TESTABILITY = YES;
				GCC_C_LANGUAGE_STANDARD = gnu11;
				GCC_DYNAMIC_NO_PIC = NO;
				GCC_NO_COMMON_BLOCKS = YES;
				GCC_OPTIMIZATION_LEVEL = 0;
				GCC_PREPROCESSOR_DEFINITIONS = (
					"DEBUG=1",
					"$(inherited)",
				);
				GCC_WARN_64_TO_32_BIT_CONVERSION = YES;
				GCC_WARN_ABOUT_RETURN_TYPE = YES_ERROR;
				GCC_WARN_UNDECLARED_SELECTOR = YES;
				GCC_WARN_UNINITIALIZED_AUTOS = YES_AGGRESSIVE;
				GCC_WARN_UNUSED_FUNCTION = YES;
				GCC_WARN_UNUSED_VARIABLE = YES;
				IPHONEOS_DEPLOYMENT_TARGET = 16.4;
				MTL_ENABLE_DEBUG_INFO = INCLUDE_SOURCE;
				MTL_FAST_MATH = YES;
				ONLY_ACTIVE_ARCH = YES;
				SDKROOT = iphoneos;
				SWIFT_ACTIVE_COMPILATION_CONDITIONS = DEBUG;
				SWIFT_OPTIMIZATION_LEVEL = "-Onone";
			};
			name = Debug;
		};
		7CB66FD02A66F2D7006DFFB2 /* Release */ = {
			isa = XCBuildConfiguration;
			buildSettings = {
				ALWAYS_SEARCH_USER_PATHS = NO;
				CLANG_ANALYZER_NONNULL = YES;
				CLANG_ANALYZER_NUMBER_OBJECT_CONVERSION = YES_AGGRESSIVE;
				CLANG_CXX_LANGUAGE_STANDARD = "gnu++20";
				CLANG_ENABLE_MODULES = YES;
				CLANG_ENABLE_OBJC_ARC = YES;
				CLANG_ENABLE_OBJC_WEAK = YES;
				CLANG_WARN_BLOCK_CAPTURE_AUTORELEASING = YES;
				CLANG_WARN_BOOL_CONVERSION = YES;
				CLANG_WARN_COMMA = YES;
				CLANG_WARN_CONSTANT_CONVERSION = YES;
				CLANG_WARN_DEPRECATED_OBJC_IMPLEMENTATIONS = YES;
				CLANG_WARN_DIRECT_OBJC_ISA_USAGE = YES_ERROR;
				CLANG_WARN_DOCUMENTATION_COMMENTS = YES;
				CLANG_WARN_EMPTY_BODY = YES;
				CLANG_WARN_ENUM_CONVERSION = YES;
				CLANG_WARN_INFINITE_RECURSION = YES;
				CLANG_WARN_INT_CONVERSION = YES;
				CLANG_WARN_NON_LITERAL_NULL_CONVERSION = YES;
				CLANG_WARN_OBJC_IMPLICIT_RETAIN_SELF = YES;
				CLANG_WARN_OBJC_LITERAL_CONVERSION = YES;
				CLANG_WARN_OBJC_ROOT_CLASS = YES_ERROR;
				CLANG_WARN_QUOTED_INCLUDE_IN_FRAMEWORK_HEADER = YES;
				CLANG_WARN_RANGE_LOOP_ANALYSIS = YES;
				CLANG_WARN_STRICT_PROTOTYPES = YES;
				CLANG_WARN_SUSPICIOUS_MOVE = YES;
				CLANG_WARN_UNGUARDED_AVAILABILITY = YES_AGGRESSIVE;
				CLANG_WARN_UNREACHABLE_CODE = YES;
				CLANG_WARN__DUPLICATE_METHOD_MATCH = YES;
				COPY_PHASE_STRIP = NO;
				DEBUG_INFORMATION_FORMAT = "dwarf-with-dsym";
				ENABLE_NS_ASSERTIONS = NO;
				ENABLE_STRICT_OBJC_MSGSEND = YES;
				GCC_C_LANGUAGE_STANDARD = gnu11;
				GCC_NO_COMMON_BLOCKS = YES;
				GCC_WARN_64_TO_32_BIT_CONVERSION = YES;
				GCC_WARN_ABOUT_RETURN_TYPE = YES_ERROR;
				GCC_WARN_UNDECLARED_SELECTOR = YES;
				GCC_WARN_UNINITIALIZED_AUTOS = YES_AGGRESSIVE;
				GCC_WARN_UNUSED_FUNCTION = YES;
				GCC_WARN_UNUSED_VARIABLE = YES;
				IPHONEOS_DEPLOYMENT_TARGET = 16.4;
				MTL_ENABLE_DEBUG_INFO = NO;
				MTL_FAST_MATH = YES;
				SDKROOT = iphoneos;
				SWIFT_COMPILATION_MODE = wholemodule;
				SWIFT_OPTIMIZATION_LEVEL = "-O";
				VALIDATE_PRODUCT = YES;
			};
			name = Release;
		};
		7CB66FD22A66F2D7006DFFB2 /* Debug */ = {
			isa = XCBuildConfiguration;
			buildSettings = {
				ASSETCATALOG_COMPILER_APPICON_NAME = AppIcon;
				ASSETCATALOG_COMPILER_GLOBAL_ACCENT_COLOR_NAME = AccentColor;
				CODE_SIGN_ENTITLEMENTS = SkinCareProject/CloudKit/SkinCareProject.entitlements;
				CODE_SIGN_STYLE = Automatic;
				CURRENT_PROJECT_VERSION = 1;
				DEVELOPMENT_ASSET_PATHS = "\"SkinCareProject/Preview Content\"";
				DEVELOPMENT_TEAM = 3MS8Y2RCJZ;
				ENABLE_PREVIEWS = YES;
				GENERATE_INFOPLIST_FILE = YES;
				INFOPLIST_KEY_NSCameraUsageDescription = "O app precisa da câmera para essa funcionalidade, você permite o seu uso?";
				INFOPLIST_KEY_UIApplicationSceneManifest_Generation = YES;
				INFOPLIST_KEY_UIApplicationSupportsIndirectInputEvents = YES;
				INFOPLIST_KEY_UILaunchScreen_Generation = YES;
				INFOPLIST_KEY_UISupportedInterfaceOrientations = UIInterfaceOrientationPortrait;
				INFOPLIST_KEY_UISupportedInterfaceOrientations_iPad = "UIInterfaceOrientationLandscapeLeft UIInterfaceOrientationLandscapeRight UIInterfaceOrientationPortrait UIInterfaceOrientationPortraitUpsideDown";
				LD_RUNPATH_SEARCH_PATHS = (
					"$(inherited)",
					"@executable_path/Frameworks",
				);
				MARKETING_VERSION = 1.0;
				PRODUCT_BUNDLE_IDENTIFIER = com.academy.SkinCareProject;
				PRODUCT_NAME = "$(TARGET_NAME)";
				SWIFT_EMIT_LOC_STRINGS = YES;
				SWIFT_VERSION = 5.0;
				TARGETED_DEVICE_FAMILY = "1,2";
			};
			name = Debug;
		};
		7CB66FD32A66F2D7006DFFB2 /* Release */ = {
			isa = XCBuildConfiguration;
			buildSettings = {
				ASSETCATALOG_COMPILER_APPICON_NAME = AppIcon;
				ASSETCATALOG_COMPILER_GLOBAL_ACCENT_COLOR_NAME = AccentColor;
				CODE_SIGN_ENTITLEMENTS = SkinCareProject/CloudKit/SkinCareProject.entitlements;
				CODE_SIGN_STYLE = Automatic;
				CURRENT_PROJECT_VERSION = 1;
				DEVELOPMENT_ASSET_PATHS = "\"SkinCareProject/Preview Content\"";
				DEVELOPMENT_TEAM = 3MS8Y2RCJZ;
				ENABLE_PREVIEWS = YES;
				GENERATE_INFOPLIST_FILE = YES;
				INFOPLIST_KEY_NSCameraUsageDescription = "O app precisa da câmera para essa funcionalidade, você permite o seu uso?";
				INFOPLIST_KEY_UIApplicationSceneManifest_Generation = YES;
				INFOPLIST_KEY_UIApplicationSupportsIndirectInputEvents = YES;
				INFOPLIST_KEY_UILaunchScreen_Generation = YES;
				INFOPLIST_KEY_UISupportedInterfaceOrientations = UIInterfaceOrientationPortrait;
				INFOPLIST_KEY_UISupportedInterfaceOrientations_iPad = "UIInterfaceOrientationLandscapeLeft UIInterfaceOrientationLandscapeRight UIInterfaceOrientationPortrait UIInterfaceOrientationPortraitUpsideDown";
				LD_RUNPATH_SEARCH_PATHS = (
					"$(inherited)",
					"@executable_path/Frameworks",
				);
				MARKETING_VERSION = 1.0;
				PRODUCT_BUNDLE_IDENTIFIER = com.academy.SkinCareProject;
				PRODUCT_NAME = "$(TARGET_NAME)";
				SWIFT_EMIT_LOC_STRINGS = YES;
				SWIFT_VERSION = 5.0;
				TARGETED_DEVICE_FAMILY = "1,2";
			};
			name = Release;
		};
/* End XCBuildConfiguration section */

/* Begin XCConfigurationList section */
		7CB66FBE2A66F2D6006DFFB2 /* Build configuration list for PBXProject "SkinCareProject" */ = {
			isa = XCConfigurationList;
			buildConfigurations = (
				7CB66FCF2A66F2D7006DFFB2 /* Debug */,
				7CB66FD02A66F2D7006DFFB2 /* Release */,
			);
			defaultConfigurationIsVisible = 0;
			defaultConfigurationName = Release;
		};
		7CB66FD12A66F2D7006DFFB2 /* Build configuration list for PBXNativeTarget "SkinCareProject" */ = {
			isa = XCConfigurationList;
			buildConfigurations = (
				7CB66FD22A66F2D7006DFFB2 /* Debug */,
				7CB66FD32A66F2D7006DFFB2 /* Release */,
			);
			defaultConfigurationIsVisible = 0;
			defaultConfigurationName = Release;
		};
/* End XCConfigurationList section */
	};
	rootObject = 7CB66FBB2A66F2D6006DFFB2 /* Project object */;
}
